
Microsoft Visual Studio Solution File, Format Version 12.00
# Visual Studio Version 17
VisualStudioVersion = 17.2.32630.192
MinimumVisualStudioVersion = 10.0.40219.1
Project("{FAE04EC0-301F-11D3-BF4B-00C04F79EFBC}") = "GFKeywords", "GFKeywords\GFKeywords.csproj", "{CB19FB23-D4FC-4C39-9D66-C597E80C447B}"
EndProject
Project("{FAE04EC0-301F-11D3-BF4B-00C04F79EFBC}") = "GFCore", "GFCore\GFCore.csproj", "{9A615988-ADEF-4E00-AAD0-8FAF46BFA94B}"
EndProject
Project("{FAE04EC0-301F-11D3-BF4B-00C04F79EFBC}") = "GFriendUI", "GFriendUI\GFriendUI.csproj", "{95ED704D-12B7-4BB9-B910-BF81A32B6F02}"
	ProjectSection(ProjectDependencies) = postProject
		{0001B937-28DE-4E6F-95FA-DC954DF5AA6F} = {0001B937-28DE-4E6F-95FA-DC954DF5AA6F}
		{09FCE449-3A3D-460F-BF71-5DBC479C847C} = {09FCE449-3A3D-460F-BF71-5DBC479C847C}
		{0BF76750-786B-4388-833A-4AB9E48581F5} = {0BF76750-786B-4388-833A-4AB9E48581F5}
		{0D15DEB0-54FB-4BD5-8938-AF2736A8F53C} = {0D15DEB0-54FB-4BD5-8938-AF2736A8F53C}
		{1199949F-7978-4456-996F-93DE8DEADE4A} = {1199949F-7978-4456-996F-93DE8DEADE4A}
		{1B3E10D2-337A-413D-B304-8DAB2ADA44E6} = {1B3E10D2-337A-413D-B304-8DAB2ADA44E6}
		{2BFB0CD4-4CED-4F6C-8332-F1ED0E9138F1} = {2BFB0CD4-4CED-4F6C-8332-F1ED0E9138F1}
		{3E07A6D4-28E2-4A6E-ADE0-F2E7E4BDC577} = {3E07A6D4-28E2-4A6E-ADE0-F2E7E4BDC577}
		{4696BEC8-43C6-433A-91D9-9FBE8338BEB8} = {4696BEC8-43C6-433A-91D9-9FBE8338BEB8}
		{59A3AC60-8941-4A87-A930-08A7962026BF} = {59A3AC60-8941-4A87-A930-08A7962026BF}
		{645F0DEC-D39F-40E4-BAC4-436FAE1EFC2D} = {645F0DEC-D39F-40E4-BAC4-436FAE1EFC2D}
		{660D404C-6AA0-419C-8B14-BBDBAF42063B} = {660D404C-6AA0-419C-8B14-BBDBAF42063B}
		{6A7F65C2-95F6-44E9-97B9-35E40486DC19} = {6A7F65C2-95F6-44E9-97B9-35E40486DC19}
		{6C83F7BD-D58B-4EB2-9532-BA147079813B} = {6C83F7BD-D58B-4EB2-9532-BA147079813B}
		{6D136656-9A00-4E41-A9DC-617E2FAD5199} = {6D136656-9A00-4E41-A9DC-617E2FAD5199}
		{6D7CE0A0-0527-47B3-8C91-B09BBF98BEFA} = {6D7CE0A0-0527-47B3-8C91-B09BBF98BEFA}
		{75C700D7-5525-416F-A68B-44D4CE34BF93} = {75C700D7-5525-416F-A68B-44D4CE34BF93}
		{7AA5C9A4-FC52-4131-81A0-9F484A25542C} = {7AA5C9A4-FC52-4131-81A0-9F484A25542C}
		{7E454F4C-81ED-403A-82A2-E94B02464E01} = {7E454F4C-81ED-403A-82A2-E94B02464E01}
		{8B29C748-6A81-4B81-AE22-9A6C34E679DA} = {8B29C748-6A81-4B81-AE22-9A6C34E679DA}
		{944E7CB3-A8F4-4A62-91FC-FEE1EE0F5B46} = {944E7CB3-A8F4-4A62-91FC-FEE1EE0F5B46}
		{97F9E276-672D-4D8D-B1C7-3412B598DD8A} = {97F9E276-672D-4D8D-B1C7-3412B598DD8A}
		{9F344315-0356-48A5-AAEA-35794E2249BA} = {9F344315-0356-48A5-AAEA-35794E2249BA}
		{ADF420E4-23C3-4FC1-A1F0-1AB1D8C6C4BD} = {ADF420E4-23C3-4FC1-A1F0-1AB1D8C6C4BD}
		{B2E24088-7631-44DF-9C91-B030D4CB9046} = {B2E24088-7631-44DF-9C91-B030D4CB9046}
		{B6E32E2D-40A2-42E2-963B-60A1AA599E0B} = {B6E32E2D-40A2-42E2-963B-60A1AA599E0B}
		{C3F8C1CD-9E65-41A8-90E3-3D4FF739A37F} = {C3F8C1CD-9E65-41A8-90E3-3D4FF739A37F}
		{CEFCB5C2-3C8E-4802-82C6-44A604D0FA84} = {CEFCB5C2-3C8E-4802-82C6-44A604D0FA84}
		{D70E5449-0C7D-432C-893F-0F32754F9B85} = {D70E5449-0C7D-432C-893F-0F32754F9B85}
		{E61D36CB-B395-4185-94C8-F41A7A8C0306} = {E61D36CB-B395-4185-94C8-F41A7A8C0306}
		{EA0538F0-DAB7-4FE5-ABE4-07DE6C0E5552} = {EA0538F0-DAB7-4FE5-ABE4-07DE6C0E5552}
		{FA8887FB-CE3B-41C2-8807-2F0D02B61EBD} = {FA8887FB-CE3B-41C2-8807-2F0D02B61EBD}
		{FB0FB52E-0C4F-4701-AF46-360E6E90E88C} = {FB0FB52E-0C4F-4701-AF46-360E6E90E88C}
		{FD18E2F5-372D-4A48-806B-300D8C45DCEC} = {FD18E2F5-372D-4A48-806B-300D8C45DCEC}
	EndProjectSection
EndProject
Project("{FAE04EC0-301F-11D3-BF4B-00C04F79EFBC}") = "GFClient", "GFClient\GFClient.csproj", "{1B3E10D2-337A-413D-B304-8DAB2ADA44E6}"
EndProject
Project("{2150E333-8FDC-42A3-9474-1A3956D46DE8}") = "GFTools", "GFTools", "{950216CE-0D62-4BDC-8C78-0B921758BC23}"
EndProject
Project("{FAE04EC0-301F-11D3-BF4B-00C04F79EFBC}") = "MeGustasTu", "GFTools\MeGustasTu\MeGustasTu.csproj", "{ADF420E4-23C3-4FC1-A1F0-1AB1D8C6C4BD}"
EndProject
Project("{FAE04EC0-301F-11D3-BF4B-00C04F79EFBC}") = "GFRepeater", "GFRepeater\GFRepeater.csproj", "{75C700D7-5525-416F-A68B-44D4CE34BF93}"
EndProject
Project("{FAE04EC0-301F-11D3-BF4B-00C04F79EFBC}") = "GFUpdater", "GFUpdater\GFUpdater.csproj", "{1199949F-7978-4456-996F-93DE8DEADE4A}"
EndProject
Project("{FAE04EC0-301F-11D3-BF4B-00C04F79EFBC}") = "FingerTip", "GFTools\FingerTip\FingerTip.csproj", "{59A3AC60-8941-4A87-A930-08A7962026BF}"
EndProject
Project("{2150E333-8FDC-42A3-9474-1A3956D46DE8}") = "GFUtils", "GFUtils", "{83C5DB2B-7840-41A1-8CD6-D88F709F4196}"
EndProject
Project("{FAE04EC0-301F-11D3-BF4B-00C04F79EFBC}") = "WebDriverSetupHelper", "GFUtils\WebDriverSetupHelper\WebDriverSetupHelper.csproj", "{6A7F65C2-95F6-44E9-97B9-35E40486DC19}"
EndProject
Project("{2150E333-8FDC-42A3-9474-1A3956D46DE8}") = "GFLibraries", "GFLibraries", "{0F505193-C214-4296-B078-1A9E0837BE9B}"
EndProject
Project("{FAE04EC0-301F-11D3-BF4B-00C04F79EFBC}") = "Charter", "GFUtils\Charter\Charter.csproj", "{AC1D5279-7E30-4D7C-A439-9505E3932267}"
EndProject
Project("{FAE04EC0-301F-11D3-BF4B-00C04F79EFBC}") = "GFK.Android", "GFLibraries\GFK.Android\GFK.Android.csproj", "{B6E32E2D-40A2-42E2-963B-60A1AA599E0B}"
EndProject
Project("{FAE04EC0-301F-11D3-BF4B-00C04F79EFBC}") = "GFK.Fleet", "GFLibraries\GFK.Fleet\GFK.Fleet.csproj", "{E61D36CB-B395-4185-94C8-F41A7A8C0306}"
EndProject
Project("{FAE04EC0-301F-11D3-BF4B-00C04F79EFBC}") = "GFK.Hallasan", "GFLibraries\GFK.Hallasan\GFK.Hallasan.csproj", "{6C83F7BD-D58B-4EB2-9532-BA147079813B}"
EndProject
Project("{FAE04EC0-301F-11D3-BF4B-00C04F79EFBC}") = "GFK.Info", "GFLibraries\GFK.Info\GFK.Info.csproj", "{FB0FB52E-0C4F-4701-AF46-360E6E90E88C}"
EndProject
Project("{FAE04EC0-301F-11D3-BF4B-00C04F79EFBC}") = "GFK.JediOmni", "GFLibraries\GFK.JediOmni\GFK.JediOmni.csproj", "{645F0DEC-D39F-40E4-BAC4-436FAE1EFC2D}"
EndProject
Project("{FAE04EC0-301F-11D3-BF4B-00C04F79EFBC}") = "GFK.Lp", "GFLibraries\GFK.Lp\GFK.Lp.csproj", "{CEFCB5C2-3C8E-4802-82C6-44A604D0FA84}"
EndProject
Project("{FAE04EC0-301F-11D3-BF4B-00C04F79EFBC}") = "GFK.Oxpd", "GFLibraries\GFK.Oxpd\GFK.Oxpd.csproj", "{660D404C-6AA0-419C-8B14-BBDBAF42063B}"
EndProject
Project("{FAE04EC0-301F-11D3-BF4B-00C04F79EFBC}") = "GFK.Preparation", "GFLibraries\GFK.Preparation\GFK.Preparation.csproj", "{7E454F4C-81ED-403A-82A2-E94B02464E01}"
EndProject
Project("{FAE04EC0-301F-11D3-BF4B-00C04F79EFBC}") = "GFK.Ssh", "GFLibraries\GFK.Ssh\GFK.Ssh.csproj", "{3E07A6D4-28E2-4A6E-ADE0-F2E7E4BDC577}"
EndProject
Project("{FAE04EC0-301F-11D3-BF4B-00C04F79EFBC}") = "GFK.Telnet", "GFLibraries\GFK.Telnet\GFK.Telnet.csproj", "{0001B937-28DE-4E6F-95FA-DC954DF5AA6F}"
EndProject
Project("{FAE04EC0-301F-11D3-BF4B-00C04F79EFBC}") = "GFK.Web", "GFLibraries\GFK.Web\GFK.Web.csproj", "{09FCE449-3A3D-460F-BF71-5DBC479C847C}"
EndProject
Project("{FAE04EC0-301F-11D3-BF4B-00C04F79EFBC}") = "GFK.Windows", "GFLibraries\GFK.Windows\GFK.Windows.csproj", "{FD18E2F5-372D-4A48-806B-300D8C45DCEC}"
EndProject
Project("{2150E333-8FDC-42A3-9474-1A3956D46DE8}") = "GFRemote", "GFRemote", "{A1F9689E-D1B0-4361-8416-CAF6C85553EA}"
EndProject
Project("{FAE04EC0-301F-11D3-BF4B-00C04F79EFBC}") = "GFWcfService", "GFRemote\GFWcfService\GFWcfService.csproj", "{FA8887FB-CE3B-41C2-8807-2F0D02B61EBD}"
EndProject
Project("{FAE04EC0-301F-11D3-BF4B-00C04F79EFBC}") = "GFRemoteAgent", "GFRemote\GFRemoteAgent\GFRemoteAgent.csproj", "{97F9E276-672D-4D8D-B1C7-3412B598DD8A}"
EndProject
Project("{FAE04EC0-301F-11D3-BF4B-00C04F79EFBC}") = "GFK.Sirius", "GFLibraries\GFK.Sirius\GFK.Sirius.csproj", "{2BFB0CD4-4CED-4F6C-8332-F1ED0E9138F1}"
EndProject
Project("{FAE04EC0-301F-11D3-BF4B-00C04F79EFBC}") = "GFK.MSOffice", "GFLibraries\GFK.MSOffice\GFK.MSOffice.csproj", "{D70E5449-0C7D-432C-893F-0F32754F9B85}"
EndProject
Project("{FAE04EC0-301F-11D3-BF4B-00C04F79EFBC}") = "UIAManaged", "GFUtils\UIAManaged\UIAManaged.csproj", "{EF32EDD8-A8EB-4B4B-AE4E-B7A76306325F}"
EndProject
Project("{FAE04EC0-301F-11D3-BF4B-00C04F79EFBC}") = "GFK.REST", "GFLibraries\GFK.REST\GFK.REST.csproj", "{4696BEC8-43C6-433A-91D9-9FBE8338BEB8}"
EndProject
Project("{FAE04EC0-301F-11D3-BF4B-00C04F79EFBC}") = "GFK.Json", "GFLibraries\GFK.Json\GFK.Json.csproj", "{944E7CB3-A8F4-4A62-91FC-FEE1EE0F5B46}"
EndProject
Project("{FAE04EC0-301F-11D3-BF4B-00C04F79EFBC}") = "GitHelper", "GFUtils\GitHelper\GitHelper.csproj", "{23208E3A-D0E9-4817-8D3A-A668E590D844}"
EndProject
Project("{FAE04EC0-301F-11D3-BF4B-00C04F79EFBC}") = "GitHelperControls", "GFUtils\GitHelperControls\GitHelperControls.csproj", "{88AC072E-1CA1-4D5E-A00F-2A3F78D088F7}"
EndProject
Project("{FAE04EC0-301F-11D3-BF4B-00C04F79EFBC}") = "Appium.Extension", "GFUtils\Appium.Extension\Appium.Extension.csproj", "{8B29C748-6A81-4B81-AE22-9A6C34E679DA}"
EndProject
Project("{FAE04EC0-301F-11D3-BF4B-00C04F79EFBC}") = "Rough", "GFTools\Rough\Rough.csproj", "{EA0538F0-DAB7-4FE5-ABE4-07DE6C0E5552}"
EndProject
Project("{FAE04EC0-301F-11D3-BF4B-00C04F79EFBC}") = "GFK.IOS", "GFLibraries\GFK.IOS\GFK.IOS.csproj", "{6D136656-9A00-4E41-A9DC-617E2FAD5199}"
EndProject
Project("{FAE04EC0-301F-11D3-BF4B-00C04F79EFBC}") = "GFK.Mac", "GFLibraries\GFK.Mac\GFK.Mac.csproj", "{0BF76750-786B-4388-833A-4AB9E48581F5}"
EndProject
Project("{FAE04EC0-301F-11D3-BF4B-00C04F79EFBC}") = "GFK.XML", "GFLibraries\GFK.XML\GFK.XML.csproj", "{6D7CE0A0-0527-47B3-8C91-B09BBF98BEFA}"
EndProject
Project("{FAE04EC0-301F-11D3-BF4B-00C04F79EFBC}") = "Apple", "GFTools\Apple\Apple.csproj", "{9F344315-0356-48A5-AAEA-35794E2249BA}"
EndProject
Project("{FAE04EC0-301F-11D3-BF4B-00C04F79EFBC}") = "XPathBuilder", "GFUtils\XPathBuilder\XPathBuilder.csproj", "{3717E098-7DBE-46F6-9BBA-FB30419485AB}"
EndProject
Project("{FAE04EC0-301F-11D3-BF4B-00C04F79EFBC}") = "GFK.BadgeBox", "GFLibraries\GFK.BadgeBox\GFK.BadgeBox.csproj", "{0D15DEB0-54FB-4BD5-8938-AF2736A8F53C}"
EndProject
Project("{FAE04EC0-301F-11D3-BF4B-00C04F79EFBC}") = "GFK.Dune", "GFLibraries\GFK.Dune\GFK.Dune.csproj", "{B2E24088-7631-44DF-9C91-B030D4CB9046}"
EndProject
Project("{FAE04EC0-301F-11D3-BF4B-00C04F79EFBC}") = "GFK.Regex", "GFLibraries\GFK.Regex\GFK.Regex.csproj", "{C3F8C1CD-9E65-41A8-90E3-3D4FF739A37F}"
EndProject
Project("{FAE04EC0-301F-11D3-BF4B-00C04F79EFBC}") = "Vision", "GFUtils\Vision\Vision.csproj", "{55114624-9B6E-4C62-89F9-C5298C667456}"
EndProject
Project("{FAE04EC0-301F-11D3-BF4B-00C04F79EFBC}") = "GFK.Vision", "GFLibraries\GFK.Vision\GFK.Vision.csproj", "{7AA5C9A4-FC52-4131-81A0-9F484A25542C}"
EndProject
Project("{FAE04EC0-301F-11D3-BF4B-00C04F79EFBC}") = "GFK.LogInfo", "GFLibraries\GFK.LogInfo\GFK.LogInfo.csproj", "{01141069-E2DE-4D8E-A477-F818E1BCEE2C}"
EndProject
Project("{FAE04EC0-301F-11D3-BF4B-00C04F79EFBC}") = "GFK.SpreadSheet", "GFLibraries\GFK.SpreadSheet\GFK.SpreadSheet.csproj", "{A27AC519-94BC-46EE-87FC-4A4CFB362A10}"
EndProject
Project("{FAE04EC0-301F-11D3-BF4B-00C04F79EFBC}") = "DeviceDetails", "GFTools\DeviceDetails\DeviceDetails.csproj", "{43A7CB74-5F63-4CDF-AADF-41539BEC92AF}"
EndProject
Project("{FAE04EC0-301F-11D3-BF4B-00C04F79EFBC}") = "GFK.Android2", "GFLibraries\GFK.Android2\GFK.Android2.csproj", "{3AB47298-3718-4F2B-87A6-6D0BB92F73F0}"
EndProject
Project("{FAE04EC0-301F-11D3-BF4B-00C04F79EFBC}") = "GFK.Ares", "GFLibraries\GFK.Ares\GFK.Ares.csproj", "{CADC2D77-028F-474E-8C0B-E058FCC073A1}"
EndProject
Global
	GlobalSection(SolutionConfigurationPlatforms) = preSolution
		Debug|Any CPU = Debug|Any CPU
		Debug|x64 = Debug|x64
		Debug|x86 = Debug|x86
		Release|Any CPU = Release|Any CPU
		Release|x64 = Release|x64
		Release|x86 = Release|x86
	EndGlobalSection
	GlobalSection(ProjectConfigurationPlatforms) = postSolution
		{CB19FB23-D4FC-4C39-9D66-C597E80C447B}.Debug|Any CPU.ActiveCfg = Debug|Any CPU
		{CB19FB23-D4FC-4C39-9D66-C597E80C447B}.Debug|Any CPU.Build.0 = Debug|Any CPU
		{CB19FB23-D4FC-4C39-9D66-C597E80C447B}.Debug|x64.ActiveCfg = Debug|Any CPU
		{CB19FB23-D4FC-4C39-9D66-C597E80C447B}.Debug|x64.Build.0 = Debug|Any CPU
		{CB19FB23-D4FC-4C39-9D66-C597E80C447B}.Debug|x86.ActiveCfg = Debug|Any CPU
		{CB19FB23-D4FC-4C39-9D66-C597E80C447B}.Debug|x86.Build.0 = Debug|Any CPU
		{CB19FB23-D4FC-4C39-9D66-C597E80C447B}.Release|Any CPU.ActiveCfg = Release|Any CPU
		{CB19FB23-D4FC-4C39-9D66-C597E80C447B}.Release|Any CPU.Build.0 = Release|Any CPU
		{CB19FB23-D4FC-4C39-9D66-C597E80C447B}.Release|x64.ActiveCfg = Release|Any CPU
		{CB19FB23-D4FC-4C39-9D66-C597E80C447B}.Release|x64.Build.0 = Release|Any CPU
		{CB19FB23-D4FC-4C39-9D66-C597E80C447B}.Release|x86.ActiveCfg = Release|Any CPU
		{CB19FB23-D4FC-4C39-9D66-C597E80C447B}.Release|x86.Build.0 = Release|Any CPU
		{9A615988-ADEF-4E00-AAD0-8FAF46BFA94B}.Debug|Any CPU.ActiveCfg = Debug|Any CPU
		{9A615988-ADEF-4E00-AAD0-8FAF46BFA94B}.Debug|Any CPU.Build.0 = Debug|Any CPU
		{9A615988-ADEF-4E00-AAD0-8FAF46BFA94B}.Debug|x64.ActiveCfg = Debug|x64
		{9A615988-ADEF-4E00-AAD0-8FAF46BFA94B}.Debug|x64.Build.0 = Debug|x64
		{9A615988-ADEF-4E00-AAD0-8FAF46BFA94B}.Debug|x86.ActiveCfg = Debug|x86
		{9A615988-ADEF-4E00-AAD0-8FAF46BFA94B}.Debug|x86.Build.0 = Debug|x86
		{9A615988-ADEF-4E00-AAD0-8FAF46BFA94B}.Release|Any CPU.ActiveCfg = Release|Any CPU
		{9A615988-ADEF-4E00-AAD0-8FAF46BFA94B}.Release|Any CPU.Build.0 = Release|Any CPU
		{9A615988-ADEF-4E00-AAD0-8FAF46BFA94B}.Release|x64.ActiveCfg = Release|x64
		{9A615988-ADEF-4E00-AAD0-8FAF46BFA94B}.Release|x64.Build.0 = Release|x64
		{9A615988-ADEF-4E00-AAD0-8FAF46BFA94B}.Release|x86.ActiveCfg = Release|x86
		{9A615988-ADEF-4E00-AAD0-8FAF46BFA94B}.Release|x86.Build.0 = Release|x86
		{95ED704D-12B7-4BB9-B910-BF81A32B6F02}.Debug|Any CPU.ActiveCfg = Debug|Any CPU
		{95ED704D-12B7-4BB9-B910-BF81A32B6F02}.Debug|Any CPU.Build.0 = Debug|Any CPU
		{95ED704D-12B7-4BB9-B910-BF81A32B6F02}.Debug|x64.ActiveCfg = Debug|x64
		{95ED704D-12B7-4BB9-B910-BF81A32B6F02}.Debug|x64.Build.0 = Debug|x64
		{95ED704D-12B7-4BB9-B910-BF81A32B6F02}.Debug|x86.ActiveCfg = Debug|Any CPU
		{95ED704D-12B7-4BB9-B910-BF81A32B6F02}.Debug|x86.Build.0 = Debug|Any CPU
		{95ED704D-12B7-4BB9-B910-BF81A32B6F02}.Release|Any CPU.ActiveCfg = Release|Any CPU
		{95ED704D-12B7-4BB9-B910-BF81A32B6F02}.Release|Any CPU.Build.0 = Release|Any CPU
		{95ED704D-12B7-4BB9-B910-BF81A32B6F02}.Release|x64.ActiveCfg = Release|x64
		{95ED704D-12B7-4BB9-B910-BF81A32B6F02}.Release|x64.Build.0 = Release|x64
		{95ED704D-12B7-4BB9-B910-BF81A32B6F02}.Release|x86.ActiveCfg = Release|Any CPU
		{95ED704D-12B7-4BB9-B910-BF81A32B6F02}.Release|x86.Build.0 = Release|Any CPU
		{1B3E10D2-337A-413D-B304-8DAB2ADA44E6}.Debug|Any CPU.ActiveCfg = Debug|Any CPU
		{1B3E10D2-337A-413D-B304-8DAB2ADA44E6}.Debug|Any CPU.Build.0 = Debug|Any CPU
		{1B3E10D2-337A-413D-B304-8DAB2ADA44E6}.Debug|x64.ActiveCfg = Debug|Any CPU
		{1B3E10D2-337A-413D-B304-8DAB2ADA44E6}.Debug|x64.Build.0 = Debug|Any CPU
		{1B3E10D2-337A-413D-B304-8DAB2ADA44E6}.Debug|x86.ActiveCfg = Debug|Any CPU
		{1B3E10D2-337A-413D-B304-8DAB2ADA44E6}.Debug|x86.Build.0 = Debug|Any CPU
		{1B3E10D2-337A-413D-B304-8DAB2ADA44E6}.Release|Any CPU.ActiveCfg = Release|Any CPU
		{1B3E10D2-337A-413D-B304-8DAB2ADA44E6}.Release|Any CPU.Build.0 = Release|Any CPU
		{1B3E10D2-337A-413D-B304-8DAB2ADA44E6}.Release|x64.ActiveCfg = Release|Any CPU
		{1B3E10D2-337A-413D-B304-8DAB2ADA44E6}.Release|x64.Build.0 = Release|Any CPU
		{1B3E10D2-337A-413D-B304-8DAB2ADA44E6}.Release|x86.ActiveCfg = Release|Any CPU
		{1B3E10D2-337A-413D-B304-8DAB2ADA44E6}.Release|x86.Build.0 = Release|Any CPU
		{ADF420E4-23C3-4FC1-A1F0-1AB1D8C6C4BD}.Debug|Any CPU.ActiveCfg = Debug|Any CPU
		{ADF420E4-23C3-4FC1-A1F0-1AB1D8C6C4BD}.Debug|Any CPU.Build.0 = Debug|Any CPU
		{ADF420E4-23C3-4FC1-A1F0-1AB1D8C6C4BD}.Debug|x64.ActiveCfg = Debug|Any CPU
		{ADF420E4-23C3-4FC1-A1F0-1AB1D8C6C4BD}.Debug|x64.Build.0 = Debug|Any CPU
		{ADF420E4-23C3-4FC1-A1F0-1AB1D8C6C4BD}.Debug|x86.ActiveCfg = Debug|Any CPU
		{ADF420E4-23C3-4FC1-A1F0-1AB1D8C6C4BD}.Debug|x86.Build.0 = Debug|Any CPU
		{ADF420E4-23C3-4FC1-A1F0-1AB1D8C6C4BD}.Release|Any CPU.ActiveCfg = Release|Any CPU
		{ADF420E4-23C3-4FC1-A1F0-1AB1D8C6C4BD}.Release|Any CPU.Build.0 = Release|Any CPU
		{ADF420E4-23C3-4FC1-A1F0-1AB1D8C6C4BD}.Release|x64.ActiveCfg = Release|Any CPU
		{ADF420E4-23C3-4FC1-A1F0-1AB1D8C6C4BD}.Release|x64.Build.0 = Release|Any CPU
		{ADF420E4-23C3-4FC1-A1F0-1AB1D8C6C4BD}.Release|x86.ActiveCfg = Release|Any CPU
		{ADF420E4-23C3-4FC1-A1F0-1AB1D8C6C4BD}.Release|x86.Build.0 = Release|Any CPU
		{75C700D7-5525-416F-A68B-44D4CE34BF93}.Debug|Any CPU.ActiveCfg = Debug|Any CPU
		{75C700D7-5525-416F-A68B-44D4CE34BF93}.Debug|Any CPU.Build.0 = Debug|Any CPU
		{75C700D7-5525-416F-A68B-44D4CE34BF93}.Debug|x64.ActiveCfg = Debug|Any CPU
		{75C700D7-5525-416F-A68B-44D4CE34BF93}.Debug|x64.Build.0 = Debug|Any CPU
		{75C700D7-5525-416F-A68B-44D4CE34BF93}.Debug|x86.ActiveCfg = Debug|Any CPU
		{75C700D7-5525-416F-A68B-44D4CE34BF93}.Debug|x86.Build.0 = Debug|Any CPU
		{75C700D7-5525-416F-A68B-44D4CE34BF93}.Release|Any CPU.ActiveCfg = Release|Any CPU
		{75C700D7-5525-416F-A68B-44D4CE34BF93}.Release|Any CPU.Build.0 = Release|Any CPU
		{75C700D7-5525-416F-A68B-44D4CE34BF93}.Release|x64.ActiveCfg = Release|Any CPU
		{75C700D7-5525-416F-A68B-44D4CE34BF93}.Release|x64.Build.0 = Release|Any CPU
		{75C700D7-5525-416F-A68B-44D4CE34BF93}.Release|x86.ActiveCfg = Release|Any CPU
		{75C700D7-5525-416F-A68B-44D4CE34BF93}.Release|x86.Build.0 = Release|Any CPU
		{1199949F-7978-4456-996F-93DE8DEADE4A}.Debug|Any CPU.ActiveCfg = Debug|Any CPU
		{1199949F-7978-4456-996F-93DE8DEADE4A}.Debug|Any CPU.Build.0 = Debug|Any CPU
		{1199949F-7978-4456-996F-93DE8DEADE4A}.Debug|x64.ActiveCfg = Debug|Any CPU
		{1199949F-7978-4456-996F-93DE8DEADE4A}.Debug|x64.Build.0 = Debug|Any CPU
		{1199949F-7978-4456-996F-93DE8DEADE4A}.Debug|x86.ActiveCfg = Debug|Any CPU
		{1199949F-7978-4456-996F-93DE8DEADE4A}.Debug|x86.Build.0 = Debug|Any CPU
		{1199949F-7978-4456-996F-93DE8DEADE4A}.Release|Any CPU.ActiveCfg = Release|Any CPU
		{1199949F-7978-4456-996F-93DE8DEADE4A}.Release|Any CPU.Build.0 = Release|Any CPU
		{1199949F-7978-4456-996F-93DE8DEADE4A}.Release|x64.ActiveCfg = Release|Any CPU
		{1199949F-7978-4456-996F-93DE8DEADE4A}.Release|x64.Build.0 = Release|Any CPU
		{1199949F-7978-4456-996F-93DE8DEADE4A}.Release|x86.ActiveCfg = Release|Any CPU
		{1199949F-7978-4456-996F-93DE8DEADE4A}.Release|x86.Build.0 = Release|Any CPU
		{59A3AC60-8941-4A87-A930-08A7962026BF}.Debug|Any CPU.ActiveCfg = Debug|Any CPU
		{59A3AC60-8941-4A87-A930-08A7962026BF}.Debug|Any CPU.Build.0 = Debug|Any CPU
		{59A3AC60-8941-4A87-A930-08A7962026BF}.Debug|x64.ActiveCfg = Debug|Any CPU
		{59A3AC60-8941-4A87-A930-08A7962026BF}.Debug|x64.Build.0 = Debug|Any CPU
		{59A3AC60-8941-4A87-A930-08A7962026BF}.Debug|x86.ActiveCfg = Debug|Any CPU
		{59A3AC60-8941-4A87-A930-08A7962026BF}.Debug|x86.Build.0 = Debug|Any CPU
		{59A3AC60-8941-4A87-A930-08A7962026BF}.Release|Any CPU.ActiveCfg = Release|Any CPU
		{59A3AC60-8941-4A87-A930-08A7962026BF}.Release|Any CPU.Build.0 = Release|Any CPU
		{59A3AC60-8941-4A87-A930-08A7962026BF}.Release|x64.ActiveCfg = Release|Any CPU
		{59A3AC60-8941-4A87-A930-08A7962026BF}.Release|x64.Build.0 = Release|Any CPU
		{59A3AC60-8941-4A87-A930-08A7962026BF}.Release|x86.ActiveCfg = Release|Any CPU
		{59A3AC60-8941-4A87-A930-08A7962026BF}.Release|x86.Build.0 = Release|Any CPU
		{6A7F65C2-95F6-44E9-97B9-35E40486DC19}.Debug|Any CPU.ActiveCfg = Debug|Any CPU
		{6A7F65C2-95F6-44E9-97B9-35E40486DC19}.Debug|Any CPU.Build.0 = Debug|Any CPU
		{6A7F65C2-95F6-44E9-97B9-35E40486DC19}.Debug|x64.ActiveCfg = Debug|Any CPU
		{6A7F65C2-95F6-44E9-97B9-35E40486DC19}.Debug|x64.Build.0 = Debug|Any CPU
		{6A7F65C2-95F6-44E9-97B9-35E40486DC19}.Debug|x86.ActiveCfg = Debug|Any CPU
		{6A7F65C2-95F6-44E9-97B9-35E40486DC19}.Debug|x86.Build.0 = Debug|Any CPU
		{6A7F65C2-95F6-44E9-97B9-35E40486DC19}.Release|Any CPU.ActiveCfg = Release|Any CPU
		{6A7F65C2-95F6-44E9-97B9-35E40486DC19}.Release|Any CPU.Build.0 = Release|Any CPU
		{6A7F65C2-95F6-44E9-97B9-35E40486DC19}.Release|x64.ActiveCfg = Release|Any CPU
		{6A7F65C2-95F6-44E9-97B9-35E40486DC19}.Release|x64.Build.0 = Release|Any CPU
		{6A7F65C2-95F6-44E9-97B9-35E40486DC19}.Release|x86.ActiveCfg = Release|Any CPU
		{6A7F65C2-95F6-44E9-97B9-35E40486DC19}.Release|x86.Build.0 = Release|Any CPU
		{AC1D5279-7E30-4D7C-A439-9505E3932267}.Debug|Any CPU.ActiveCfg = Debug|Any CPU
		{AC1D5279-7E30-4D7C-A439-9505E3932267}.Debug|Any CPU.Build.0 = Debug|Any CPU
		{AC1D5279-7E30-4D7C-A439-9505E3932267}.Debug|x64.ActiveCfg = Debug|Any CPU
		{AC1D5279-7E30-4D7C-A439-9505E3932267}.Debug|x64.Build.0 = Debug|Any CPU
		{AC1D5279-7E30-4D7C-A439-9505E3932267}.Debug|x86.ActiveCfg = Debug|Any CPU
		{AC1D5279-7E30-4D7C-A439-9505E3932267}.Debug|x86.Build.0 = Debug|Any CPU
		{AC1D5279-7E30-4D7C-A439-9505E3932267}.Release|Any CPU.ActiveCfg = Release|Any CPU
		{AC1D5279-7E30-4D7C-A439-9505E3932267}.Release|Any CPU.Build.0 = Release|Any CPU
		{AC1D5279-7E30-4D7C-A439-9505E3932267}.Release|x64.ActiveCfg = Release|Any CPU
		{AC1D5279-7E30-4D7C-A439-9505E3932267}.Release|x64.Build.0 = Release|Any CPU
		{AC1D5279-7E30-4D7C-A439-9505E3932267}.Release|x86.ActiveCfg = Release|Any CPU
		{AC1D5279-7E30-4D7C-A439-9505E3932267}.Release|x86.Build.0 = Release|Any CPU
		{B6E32E2D-40A2-42E2-963B-60A1AA599E0B}.Debug|Any CPU.ActiveCfg = Debug|Any CPU
		{B6E32E2D-40A2-42E2-963B-60A1AA599E0B}.Debug|Any CPU.Build.0 = Debug|Any CPU
		{B6E32E2D-40A2-42E2-963B-60A1AA599E0B}.Debug|x64.ActiveCfg = Debug|Any CPU
		{B6E32E2D-40A2-42E2-963B-60A1AA599E0B}.Debug|x64.Build.0 = Debug|Any CPU
		{B6E32E2D-40A2-42E2-963B-60A1AA599E0B}.Debug|x86.ActiveCfg = Debug|Any CPU
		{B6E32E2D-40A2-42E2-963B-60A1AA599E0B}.Debug|x86.Build.0 = Debug|Any CPU
		{B6E32E2D-40A2-42E2-963B-60A1AA599E0B}.Release|Any CPU.ActiveCfg = Release|Any CPU
		{B6E32E2D-40A2-42E2-963B-60A1AA599E0B}.Release|Any CPU.Build.0 = Release|Any CPU
		{B6E32E2D-40A2-42E2-963B-60A1AA599E0B}.Release|x64.ActiveCfg = Release|Any CPU
		{B6E32E2D-40A2-42E2-963B-60A1AA599E0B}.Release|x64.Build.0 = Release|Any CPU
		{B6E32E2D-40A2-42E2-963B-60A1AA599E0B}.Release|x86.ActiveCfg = Release|Any CPU
		{B6E32E2D-40A2-42E2-963B-60A1AA599E0B}.Release|x86.Build.0 = Release|Any CPU
		{E61D36CB-B395-4185-94C8-F41A7A8C0306}.Debug|Any CPU.ActiveCfg = Debug|Any CPU
		{E61D36CB-B395-4185-94C8-F41A7A8C0306}.Debug|Any CPU.Build.0 = Debug|Any CPU
		{E61D36CB-B395-4185-94C8-F41A7A8C0306}.Debug|x64.ActiveCfg = Debug|Any CPU
		{E61D36CB-B395-4185-94C8-F41A7A8C0306}.Debug|x64.Build.0 = Debug|Any CPU
		{E61D36CB-B395-4185-94C8-F41A7A8C0306}.Debug|x86.ActiveCfg = Debug|Any CPU
		{E61D36CB-B395-4185-94C8-F41A7A8C0306}.Debug|x86.Build.0 = Debug|Any CPU
		{E61D36CB-B395-4185-94C8-F41A7A8C0306}.Release|Any CPU.ActiveCfg = Release|Any CPU
		{E61D36CB-B395-4185-94C8-F41A7A8C0306}.Release|Any CPU.Build.0 = Release|Any CPU
		{E61D36CB-B395-4185-94C8-F41A7A8C0306}.Release|x64.ActiveCfg = Release|Any CPU
		{E61D36CB-B395-4185-94C8-F41A7A8C0306}.Release|x64.Build.0 = Release|Any CPU
		{E61D36CB-B395-4185-94C8-F41A7A8C0306}.Release|x86.ActiveCfg = Release|Any CPU
		{E61D36CB-B395-4185-94C8-F41A7A8C0306}.Release|x86.Build.0 = Release|Any CPU
		{6C83F7BD-D58B-4EB2-9532-BA147079813B}.Debug|Any CPU.ActiveCfg = Debug|Any CPU
		{6C83F7BD-D58B-4EB2-9532-BA147079813B}.Debug|Any CPU.Build.0 = Debug|Any CPU
		{6C83F7BD-D58B-4EB2-9532-BA147079813B}.Debug|x64.ActiveCfg = Debug|Any CPU
		{6C83F7BD-D58B-4EB2-9532-BA147079813B}.Debug|x64.Build.0 = Debug|Any CPU
		{6C83F7BD-D58B-4EB2-9532-BA147079813B}.Debug|x86.ActiveCfg = Debug|Any CPU
		{6C83F7BD-D58B-4EB2-9532-BA147079813B}.Debug|x86.Build.0 = Debug|Any CPU
		{6C83F7BD-D58B-4EB2-9532-BA147079813B}.Release|Any CPU.ActiveCfg = Release|Any CPU
		{6C83F7BD-D58B-4EB2-9532-BA147079813B}.Release|Any CPU.Build.0 = Release|Any CPU
		{6C83F7BD-D58B-4EB2-9532-BA147079813B}.Release|x64.ActiveCfg = Release|Any CPU
		{6C83F7BD-D58B-4EB2-9532-BA147079813B}.Release|x64.Build.0 = Release|Any CPU
		{6C83F7BD-D58B-4EB2-9532-BA147079813B}.Release|x86.ActiveCfg = Release|Any CPU
		{6C83F7BD-D58B-4EB2-9532-BA147079813B}.Release|x86.Build.0 = Release|Any CPU
		{FB0FB52E-0C4F-4701-AF46-360E6E90E88C}.Debug|Any CPU.ActiveCfg = Debug|Any CPU
		{FB0FB52E-0C4F-4701-AF46-360E6E90E88C}.Debug|Any CPU.Build.0 = Debug|Any CPU
		{FB0FB52E-0C4F-4701-AF46-360E6E90E88C}.Debug|x64.ActiveCfg = Debug|Any CPU
		{FB0FB52E-0C4F-4701-AF46-360E6E90E88C}.Debug|x64.Build.0 = Debug|Any CPU
		{FB0FB52E-0C4F-4701-AF46-360E6E90E88C}.Debug|x86.ActiveCfg = Debug|Any CPU
		{FB0FB52E-0C4F-4701-AF46-360E6E90E88C}.Debug|x86.Build.0 = Debug|Any CPU
		{FB0FB52E-0C4F-4701-AF46-360E6E90E88C}.Release|Any CPU.ActiveCfg = Release|Any CPU
		{FB0FB52E-0C4F-4701-AF46-360E6E90E88C}.Release|Any CPU.Build.0 = Release|Any CPU
		{FB0FB52E-0C4F-4701-AF46-360E6E90E88C}.Release|x64.ActiveCfg = Release|Any CPU
		{FB0FB52E-0C4F-4701-AF46-360E6E90E88C}.Release|x64.Build.0 = Release|Any CPU
		{FB0FB52E-0C4F-4701-AF46-360E6E90E88C}.Release|x86.ActiveCfg = Release|Any CPU
		{FB0FB52E-0C4F-4701-AF46-360E6E90E88C}.Release|x86.Build.0 = Release|Any CPU
		{645F0DEC-D39F-40E4-BAC4-436FAE1EFC2D}.Debug|Any CPU.ActiveCfg = Debug|Any CPU
		{645F0DEC-D39F-40E4-BAC4-436FAE1EFC2D}.Debug|Any CPU.Build.0 = Debug|Any CPU
		{645F0DEC-D39F-40E4-BAC4-436FAE1EFC2D}.Debug|x64.ActiveCfg = Debug|Any CPU
		{645F0DEC-D39F-40E4-BAC4-436FAE1EFC2D}.Debug|x64.Build.0 = Debug|Any CPU
		{645F0DEC-D39F-40E4-BAC4-436FAE1EFC2D}.Debug|x86.ActiveCfg = Debug|Any CPU
		{645F0DEC-D39F-40E4-BAC4-436FAE1EFC2D}.Debug|x86.Build.0 = Debug|Any CPU
		{645F0DEC-D39F-40E4-BAC4-436FAE1EFC2D}.Release|Any CPU.ActiveCfg = Release|Any CPU
		{645F0DEC-D39F-40E4-BAC4-436FAE1EFC2D}.Release|Any CPU.Build.0 = Release|Any CPU
		{645F0DEC-D39F-40E4-BAC4-436FAE1EFC2D}.Release|x64.ActiveCfg = Release|Any CPU
		{645F0DEC-D39F-40E4-BAC4-436FAE1EFC2D}.Release|x64.Build.0 = Release|Any CPU
		{645F0DEC-D39F-40E4-BAC4-436FAE1EFC2D}.Release|x86.ActiveCfg = Release|Any CPU
		{645F0DEC-D39F-40E4-BAC4-436FAE1EFC2D}.Release|x86.Build.0 = Release|Any CPU
		{CEFCB5C2-3C8E-4802-82C6-44A604D0FA84}.Debug|Any CPU.ActiveCfg = Debug|Any CPU
		{CEFCB5C2-3C8E-4802-82C6-44A604D0FA84}.Debug|Any CPU.Build.0 = Debug|Any CPU
		{CEFCB5C2-3C8E-4802-82C6-44A604D0FA84}.Debug|x64.ActiveCfg = Debug|Any CPU
		{CEFCB5C2-3C8E-4802-82C6-44A604D0FA84}.Debug|x64.Build.0 = Debug|Any CPU
		{CEFCB5C2-3C8E-4802-82C6-44A604D0FA84}.Debug|x86.ActiveCfg = Debug|Any CPU
		{CEFCB5C2-3C8E-4802-82C6-44A604D0FA84}.Debug|x86.Build.0 = Debug|Any CPU
		{CEFCB5C2-3C8E-4802-82C6-44A604D0FA84}.Release|Any CPU.ActiveCfg = Release|Any CPU
		{CEFCB5C2-3C8E-4802-82C6-44A604D0FA84}.Release|Any CPU.Build.0 = Release|Any CPU
		{CEFCB5C2-3C8E-4802-82C6-44A604D0FA84}.Release|x64.ActiveCfg = Release|Any CPU
		{CEFCB5C2-3C8E-4802-82C6-44A604D0FA84}.Release|x64.Build.0 = Release|Any CPU
		{CEFCB5C2-3C8E-4802-82C6-44A604D0FA84}.Release|x86.ActiveCfg = Release|Any CPU
		{CEFCB5C2-3C8E-4802-82C6-44A604D0FA84}.Release|x86.Build.0 = Release|Any CPU
		{660D404C-6AA0-419C-8B14-BBDBAF42063B}.Debug|Any CPU.ActiveCfg = Debug|Any CPU
		{660D404C-6AA0-419C-8B14-BBDBAF42063B}.Debug|Any CPU.Build.0 = Debug|Any CPU
		{660D404C-6AA0-419C-8B14-BBDBAF42063B}.Debug|x64.ActiveCfg = Debug|Any CPU
		{660D404C-6AA0-419C-8B14-BBDBAF42063B}.Debug|x64.Build.0 = Debug|Any CPU
		{660D404C-6AA0-419C-8B14-BBDBAF42063B}.Debug|x86.ActiveCfg = Debug|Any CPU
		{660D404C-6AA0-419C-8B14-BBDBAF42063B}.Debug|x86.Build.0 = Debug|Any CPU
		{660D404C-6AA0-419C-8B14-BBDBAF42063B}.Release|Any CPU.ActiveCfg = Release|Any CPU
		{660D404C-6AA0-419C-8B14-BBDBAF42063B}.Release|Any CPU.Build.0 = Release|Any CPU
		{660D404C-6AA0-419C-8B14-BBDBAF42063B}.Release|x64.ActiveCfg = Release|Any CPU
		{660D404C-6AA0-419C-8B14-BBDBAF42063B}.Release|x64.Build.0 = Release|Any CPU
		{660D404C-6AA0-419C-8B14-BBDBAF42063B}.Release|x86.ActiveCfg = Release|Any CPU
		{660D404C-6AA0-419C-8B14-BBDBAF42063B}.Release|x86.Build.0 = Release|Any CPU
		{7E454F4C-81ED-403A-82A2-E94B02464E01}.Debug|Any CPU.ActiveCfg = Debug|Any CPU
		{7E454F4C-81ED-403A-82A2-E94B02464E01}.Debug|Any CPU.Build.0 = Debug|Any CPU
		{7E454F4C-81ED-403A-82A2-E94B02464E01}.Debug|x64.ActiveCfg = Debug|Any CPU
		{7E454F4C-81ED-403A-82A2-E94B02464E01}.Debug|x64.Build.0 = Debug|Any CPU
		{7E454F4C-81ED-403A-82A2-E94B02464E01}.Debug|x86.ActiveCfg = Debug|Any CPU
		{7E454F4C-81ED-403A-82A2-E94B02464E01}.Debug|x86.Build.0 = Debug|Any CPU
		{7E454F4C-81ED-403A-82A2-E94B02464E01}.Release|Any CPU.ActiveCfg = Release|Any CPU
		{7E454F4C-81ED-403A-82A2-E94B02464E01}.Release|Any CPU.Build.0 = Release|Any CPU
		{7E454F4C-81ED-403A-82A2-E94B02464E01}.Release|x64.ActiveCfg = Release|Any CPU
		{7E454F4C-81ED-403A-82A2-E94B02464E01}.Release|x64.Build.0 = Release|Any CPU
		{7E454F4C-81ED-403A-82A2-E94B02464E01}.Release|x86.ActiveCfg = Release|Any CPU
		{7E454F4C-81ED-403A-82A2-E94B02464E01}.Release|x86.Build.0 = Release|Any CPU
		{3E07A6D4-28E2-4A6E-ADE0-F2E7E4BDC577}.Debug|Any CPU.ActiveCfg = Debug|Any CPU
		{3E07A6D4-28E2-4A6E-ADE0-F2E7E4BDC577}.Debug|Any CPU.Build.0 = Debug|Any CPU
		{3E07A6D4-28E2-4A6E-ADE0-F2E7E4BDC577}.Debug|x64.ActiveCfg = Debug|Any CPU
		{3E07A6D4-28E2-4A6E-ADE0-F2E7E4BDC577}.Debug|x64.Build.0 = Debug|Any CPU
		{3E07A6D4-28E2-4A6E-ADE0-F2E7E4BDC577}.Debug|x86.ActiveCfg = Debug|Any CPU
		{3E07A6D4-28E2-4A6E-ADE0-F2E7E4BDC577}.Debug|x86.Build.0 = Debug|Any CPU
		{3E07A6D4-28E2-4A6E-ADE0-F2E7E4BDC577}.Release|Any CPU.ActiveCfg = Release|Any CPU
		{3E07A6D4-28E2-4A6E-ADE0-F2E7E4BDC577}.Release|Any CPU.Build.0 = Release|Any CPU
		{3E07A6D4-28E2-4A6E-ADE0-F2E7E4BDC577}.Release|x64.ActiveCfg = Release|Any CPU
		{3E07A6D4-28E2-4A6E-ADE0-F2E7E4BDC577}.Release|x64.Build.0 = Release|Any CPU
		{3E07A6D4-28E2-4A6E-ADE0-F2E7E4BDC577}.Release|x86.ActiveCfg = Release|Any CPU
		{3E07A6D4-28E2-4A6E-ADE0-F2E7E4BDC577}.Release|x86.Build.0 = Release|Any CPU
		{0001B937-28DE-4E6F-95FA-DC954DF5AA6F}.Debug|Any CPU.ActiveCfg = Debug|Any CPU
		{0001B937-28DE-4E6F-95FA-DC954DF5AA6F}.Debug|Any CPU.Build.0 = Debug|Any CPU
		{0001B937-28DE-4E6F-95FA-DC954DF5AA6F}.Debug|x64.ActiveCfg = Debug|Any CPU
		{0001B937-28DE-4E6F-95FA-DC954DF5AA6F}.Debug|x64.Build.0 = Debug|Any CPU
		{0001B937-28DE-4E6F-95FA-DC954DF5AA6F}.Debug|x86.ActiveCfg = Debug|Any CPU
		{0001B937-28DE-4E6F-95FA-DC954DF5AA6F}.Debug|x86.Build.0 = Debug|Any CPU
		{0001B937-28DE-4E6F-95FA-DC954DF5AA6F}.Release|Any CPU.ActiveCfg = Release|Any CPU
		{0001B937-28DE-4E6F-95FA-DC954DF5AA6F}.Release|Any CPU.Build.0 = Release|Any CPU
		{0001B937-28DE-4E6F-95FA-DC954DF5AA6F}.Release|x64.ActiveCfg = Release|Any CPU
		{0001B937-28DE-4E6F-95FA-DC954DF5AA6F}.Release|x64.Build.0 = Release|Any CPU
		{0001B937-28DE-4E6F-95FA-DC954DF5AA6F}.Release|x86.ActiveCfg = Release|Any CPU
		{0001B937-28DE-4E6F-95FA-DC954DF5AA6F}.Release|x86.Build.0 = Release|Any CPU
		{09FCE449-3A3D-460F-BF71-5DBC479C847C}.Debug|Any CPU.ActiveCfg = Debug|Any CPU
		{09FCE449-3A3D-460F-BF71-5DBC479C847C}.Debug|Any CPU.Build.0 = Debug|Any CPU
		{09FCE449-3A3D-460F-BF71-5DBC479C847C}.Debug|x64.ActiveCfg = Debug|Any CPU
		{09FCE449-3A3D-460F-BF71-5DBC479C847C}.Debug|x64.Build.0 = Debug|Any CPU
		{09FCE449-3A3D-460F-BF71-5DBC479C847C}.Debug|x86.ActiveCfg = Debug|Any CPU
		{09FCE449-3A3D-460F-BF71-5DBC479C847C}.Debug|x86.Build.0 = Debug|Any CPU
		{09FCE449-3A3D-460F-BF71-5DBC479C847C}.Release|Any CPU.ActiveCfg = Release|Any CPU
		{09FCE449-3A3D-460F-BF71-5DBC479C847C}.Release|Any CPU.Build.0 = Release|Any CPU
		{09FCE449-3A3D-460F-BF71-5DBC479C847C}.Release|x64.ActiveCfg = Release|Any CPU
		{09FCE449-3A3D-460F-BF71-5DBC479C847C}.Release|x64.Build.0 = Release|Any CPU
		{09FCE449-3A3D-460F-BF71-5DBC479C847C}.Release|x86.ActiveCfg = Release|Any CPU
		{09FCE449-3A3D-460F-BF71-5DBC479C847C}.Release|x86.Build.0 = Release|Any CPU
		{FD18E2F5-372D-4A48-806B-300D8C45DCEC}.Debug|Any CPU.ActiveCfg = Debug|Any CPU
		{FD18E2F5-372D-4A48-806B-300D8C45DCEC}.Debug|Any CPU.Build.0 = Debug|Any CPU
		{FD18E2F5-372D-4A48-806B-300D8C45DCEC}.Debug|x64.ActiveCfg = Debug|Any CPU
		{FD18E2F5-372D-4A48-806B-300D8C45DCEC}.Debug|x64.Build.0 = Debug|Any CPU
		{FD18E2F5-372D-4A48-806B-300D8C45DCEC}.Debug|x86.ActiveCfg = Debug|Any CPU
		{FD18E2F5-372D-4A48-806B-300D8C45DCEC}.Debug|x86.Build.0 = Debug|Any CPU
		{FD18E2F5-372D-4A48-806B-300D8C45DCEC}.Release|Any CPU.ActiveCfg = Release|Any CPU
		{FD18E2F5-372D-4A48-806B-300D8C45DCEC}.Release|Any CPU.Build.0 = Release|Any CPU
		{FD18E2F5-372D-4A48-806B-300D8C45DCEC}.Release|x64.ActiveCfg = Release|Any CPU
		{FD18E2F5-372D-4A48-806B-300D8C45DCEC}.Release|x64.Build.0 = Release|Any CPU
		{FD18E2F5-372D-4A48-806B-300D8C45DCEC}.Release|x86.ActiveCfg = Release|Any CPU
		{FD18E2F5-372D-4A48-806B-300D8C45DCEC}.Release|x86.Build.0 = Release|Any CPU
		{FA8887FB-CE3B-41C2-8807-2F0D02B61EBD}.Debug|Any CPU.ActiveCfg = Debug|Any CPU
		{FA8887FB-CE3B-41C2-8807-2F0D02B61EBD}.Debug|Any CPU.Build.0 = Debug|Any CPU
		{FA8887FB-CE3B-41C2-8807-2F0D02B61EBD}.Debug|x64.ActiveCfg = Debug|Any CPU
		{FA8887FB-CE3B-41C2-8807-2F0D02B61EBD}.Debug|x64.Build.0 = Debug|Any CPU
		{FA8887FB-CE3B-41C2-8807-2F0D02B61EBD}.Debug|x86.ActiveCfg = Debug|Any CPU
		{FA8887FB-CE3B-41C2-8807-2F0D02B61EBD}.Debug|x86.Build.0 = Debug|Any CPU
		{FA8887FB-CE3B-41C2-8807-2F0D02B61EBD}.Release|Any CPU.ActiveCfg = Release|Any CPU
		{FA8887FB-CE3B-41C2-8807-2F0D02B61EBD}.Release|Any CPU.Build.0 = Release|Any CPU
		{FA8887FB-CE3B-41C2-8807-2F0D02B61EBD}.Release|x64.ActiveCfg = Release|Any CPU
		{FA8887FB-CE3B-41C2-8807-2F0D02B61EBD}.Release|x64.Build.0 = Release|Any CPU
		{FA8887FB-CE3B-41C2-8807-2F0D02B61EBD}.Release|x86.ActiveCfg = Release|Any CPU
		{FA8887FB-CE3B-41C2-8807-2F0D02B61EBD}.Release|x86.Build.0 = Release|Any CPU
		{97F9E276-672D-4D8D-B1C7-3412B598DD8A}.Debug|Any CPU.ActiveCfg = Debug|Any CPU
		{97F9E276-672D-4D8D-B1C7-3412B598DD8A}.Debug|Any CPU.Build.0 = Debug|Any CPU
		{97F9E276-672D-4D8D-B1C7-3412B598DD8A}.Debug|x64.ActiveCfg = Debug|Any CPU
		{97F9E276-672D-4D8D-B1C7-3412B598DD8A}.Debug|x64.Build.0 = Debug|Any CPU
		{97F9E276-672D-4D8D-B1C7-3412B598DD8A}.Debug|x86.ActiveCfg = Debug|Any CPU
		{97F9E276-672D-4D8D-B1C7-3412B598DD8A}.Debug|x86.Build.0 = Debug|Any CPU
		{97F9E276-672D-4D8D-B1C7-3412B598DD8A}.Release|Any CPU.ActiveCfg = Release|Any CPU
		{97F9E276-672D-4D8D-B1C7-3412B598DD8A}.Release|Any CPU.Build.0 = Release|Any CPU
		{97F9E276-672D-4D8D-B1C7-3412B598DD8A}.Release|x64.ActiveCfg = Release|Any CPU
		{97F9E276-672D-4D8D-B1C7-3412B598DD8A}.Release|x64.Build.0 = Release|Any CPU
		{97F9E276-672D-4D8D-B1C7-3412B598DD8A}.Release|x86.ActiveCfg = Release|Any CPU
		{97F9E276-672D-4D8D-B1C7-3412B598DD8A}.Release|x86.Build.0 = Release|Any CPU
		{2BFB0CD4-4CED-4F6C-8332-F1ED0E9138F1}.Debug|Any CPU.ActiveCfg = Debug|Any CPU
		{2BFB0CD4-4CED-4F6C-8332-F1ED0E9138F1}.Debug|Any CPU.Build.0 = Debug|Any CPU
		{2BFB0CD4-4CED-4F6C-8332-F1ED0E9138F1}.Debug|x64.ActiveCfg = Debug|Any CPU
		{2BFB0CD4-4CED-4F6C-8332-F1ED0E9138F1}.Debug|x64.Build.0 = Debug|Any CPU
		{2BFB0CD4-4CED-4F6C-8332-F1ED0E9138F1}.Debug|x86.ActiveCfg = Debug|Any CPU
		{2BFB0CD4-4CED-4F6C-8332-F1ED0E9138F1}.Debug|x86.Build.0 = Debug|Any CPU
		{2BFB0CD4-4CED-4F6C-8332-F1ED0E9138F1}.Release|Any CPU.ActiveCfg = Release|Any CPU
		{2BFB0CD4-4CED-4F6C-8332-F1ED0E9138F1}.Release|Any CPU.Build.0 = Release|Any CPU
		{2BFB0CD4-4CED-4F6C-8332-F1ED0E9138F1}.Release|x64.ActiveCfg = Release|Any CPU
		{2BFB0CD4-4CED-4F6C-8332-F1ED0E9138F1}.Release|x64.Build.0 = Release|Any CPU
		{2BFB0CD4-4CED-4F6C-8332-F1ED0E9138F1}.Release|x86.ActiveCfg = Release|Any CPU
		{2BFB0CD4-4CED-4F6C-8332-F1ED0E9138F1}.Release|x86.Build.0 = Release|Any CPU
		{D70E5449-0C7D-432C-893F-0F32754F9B85}.Debug|Any CPU.ActiveCfg = Debug|Any CPU
		{D70E5449-0C7D-432C-893F-0F32754F9B85}.Debug|Any CPU.Build.0 = Debug|Any CPU
		{D70E5449-0C7D-432C-893F-0F32754F9B85}.Debug|x64.ActiveCfg = Debug|Any CPU
		{D70E5449-0C7D-432C-893F-0F32754F9B85}.Debug|x64.Build.0 = Debug|Any CPU
		{D70E5449-0C7D-432C-893F-0F32754F9B85}.Debug|x86.ActiveCfg = Debug|Any CPU
		{D70E5449-0C7D-432C-893F-0F32754F9B85}.Debug|x86.Build.0 = Debug|Any CPU
		{D70E5449-0C7D-432C-893F-0F32754F9B85}.Release|Any CPU.ActiveCfg = Release|Any CPU
		{D70E5449-0C7D-432C-893F-0F32754F9B85}.Release|Any CPU.Build.0 = Release|Any CPU
		{D70E5449-0C7D-432C-893F-0F32754F9B85}.Release|x64.ActiveCfg = Release|Any CPU
		{D70E5449-0C7D-432C-893F-0F32754F9B85}.Release|x64.Build.0 = Release|Any CPU
		{D70E5449-0C7D-432C-893F-0F32754F9B85}.Release|x86.ActiveCfg = Release|Any CPU
		{D70E5449-0C7D-432C-893F-0F32754F9B85}.Release|x86.Build.0 = Release|Any CPU
		{EF32EDD8-A8EB-4B4B-AE4E-B7A76306325F}.Debug|Any CPU.ActiveCfg = Debug|Any CPU
		{EF32EDD8-A8EB-4B4B-AE4E-B7A76306325F}.Debug|Any CPU.Build.0 = Debug|Any CPU
		{EF32EDD8-A8EB-4B4B-AE4E-B7A76306325F}.Debug|x64.ActiveCfg = Debug|Any CPU
		{EF32EDD8-A8EB-4B4B-AE4E-B7A76306325F}.Debug|x64.Build.0 = Debug|Any CPU
		{EF32EDD8-A8EB-4B4B-AE4E-B7A76306325F}.Debug|x86.ActiveCfg = Debug|Any CPU
		{EF32EDD8-A8EB-4B4B-AE4E-B7A76306325F}.Debug|x86.Build.0 = Debug|Any CPU
		{EF32EDD8-A8EB-4B4B-AE4E-B7A76306325F}.Release|Any CPU.ActiveCfg = Release|Any CPU
		{EF32EDD8-A8EB-4B4B-AE4E-B7A76306325F}.Release|Any CPU.Build.0 = Release|Any CPU
		{EF32EDD8-A8EB-4B4B-AE4E-B7A76306325F}.Release|x64.ActiveCfg = Release|Any CPU
		{EF32EDD8-A8EB-4B4B-AE4E-B7A76306325F}.Release|x64.Build.0 = Release|Any CPU
		{EF32EDD8-A8EB-4B4B-AE4E-B7A76306325F}.Release|x86.ActiveCfg = Release|Any CPU
		{EF32EDD8-A8EB-4B4B-AE4E-B7A76306325F}.Release|x86.Build.0 = Release|Any CPU
		{4696BEC8-43C6-433A-91D9-9FBE8338BEB8}.Debug|Any CPU.ActiveCfg = Debug|Any CPU
		{4696BEC8-43C6-433A-91D9-9FBE8338BEB8}.Debug|Any CPU.Build.0 = Debug|Any CPU
		{4696BEC8-43C6-433A-91D9-9FBE8338BEB8}.Debug|x64.ActiveCfg = Debug|Any CPU
		{4696BEC8-43C6-433A-91D9-9FBE8338BEB8}.Debug|x64.Build.0 = Debug|Any CPU
		{4696BEC8-43C6-433A-91D9-9FBE8338BEB8}.Debug|x86.ActiveCfg = Debug|Any CPU
		{4696BEC8-43C6-433A-91D9-9FBE8338BEB8}.Debug|x86.Build.0 = Debug|Any CPU
		{4696BEC8-43C6-433A-91D9-9FBE8338BEB8}.Release|Any CPU.ActiveCfg = Release|Any CPU
		{4696BEC8-43C6-433A-91D9-9FBE8338BEB8}.Release|Any CPU.Build.0 = Release|Any CPU
		{4696BEC8-43C6-433A-91D9-9FBE8338BEB8}.Release|x64.ActiveCfg = Release|Any CPU
		{4696BEC8-43C6-433A-91D9-9FBE8338BEB8}.Release|x64.Build.0 = Release|Any CPU
		{4696BEC8-43C6-433A-91D9-9FBE8338BEB8}.Release|x86.ActiveCfg = Release|Any CPU
		{4696BEC8-43C6-433A-91D9-9FBE8338BEB8}.Release|x86.Build.0 = Release|Any CPU
		{944E7CB3-A8F4-4A62-91FC-FEE1EE0F5B46}.Debug|Any CPU.ActiveCfg = Debug|Any CPU
		{944E7CB3-A8F4-4A62-91FC-FEE1EE0F5B46}.Debug|Any CPU.Build.0 = Debug|Any CPU
		{944E7CB3-A8F4-4A62-91FC-FEE1EE0F5B46}.Debug|x64.ActiveCfg = Debug|Any CPU
		{944E7CB3-A8F4-4A62-91FC-FEE1EE0F5B46}.Debug|x64.Build.0 = Debug|Any CPU
		{944E7CB3-A8F4-4A62-91FC-FEE1EE0F5B46}.Debug|x86.ActiveCfg = Debug|Any CPU
		{944E7CB3-A8F4-4A62-91FC-FEE1EE0F5B46}.Debug|x86.Build.0 = Debug|Any CPU
		{944E7CB3-A8F4-4A62-91FC-FEE1EE0F5B46}.Release|Any CPU.ActiveCfg = Release|Any CPU
		{944E7CB3-A8F4-4A62-91FC-FEE1EE0F5B46}.Release|Any CPU.Build.0 = Release|Any CPU
		{944E7CB3-A8F4-4A62-91FC-FEE1EE0F5B46}.Release|x64.ActiveCfg = Release|Any CPU
		{944E7CB3-A8F4-4A62-91FC-FEE1EE0F5B46}.Release|x64.Build.0 = Release|Any CPU
		{944E7CB3-A8F4-4A62-91FC-FEE1EE0F5B46}.Release|x86.ActiveCfg = Release|Any CPU
		{944E7CB3-A8F4-4A62-91FC-FEE1EE0F5B46}.Release|x86.Build.0 = Release|Any CPU
		{23208E3A-D0E9-4817-8D3A-A668E590D844}.Debug|Any CPU.ActiveCfg = Debug|Any CPU
		{23208E3A-D0E9-4817-8D3A-A668E590D844}.Debug|Any CPU.Build.0 = Debug|Any CPU
		{23208E3A-D0E9-4817-8D3A-A668E590D844}.Debug|x64.ActiveCfg = Debug|Any CPU
		{23208E3A-D0E9-4817-8D3A-A668E590D844}.Debug|x64.Build.0 = Debug|Any CPU
		{23208E3A-D0E9-4817-8D3A-A668E590D844}.Debug|x86.ActiveCfg = Debug|Any CPU
		{23208E3A-D0E9-4817-8D3A-A668E590D844}.Debug|x86.Build.0 = Debug|Any CPU
		{23208E3A-D0E9-4817-8D3A-A668E590D844}.Release|Any CPU.ActiveCfg = Release|Any CPU
		{23208E3A-D0E9-4817-8D3A-A668E590D844}.Release|Any CPU.Build.0 = Release|Any CPU
		{23208E3A-D0E9-4817-8D3A-A668E590D844}.Release|x64.ActiveCfg = Release|Any CPU
		{23208E3A-D0E9-4817-8D3A-A668E590D844}.Release|x64.Build.0 = Release|Any CPU
		{23208E3A-D0E9-4817-8D3A-A668E590D844}.Release|x86.ActiveCfg = Release|Any CPU
		{23208E3A-D0E9-4817-8D3A-A668E590D844}.Release|x86.Build.0 = Release|Any CPU
		{88AC072E-1CA1-4D5E-A00F-2A3F78D088F7}.Debug|Any CPU.ActiveCfg = Debug|Any CPU
		{88AC072E-1CA1-4D5E-A00F-2A3F78D088F7}.Debug|Any CPU.Build.0 = Debug|Any CPU
		{88AC072E-1CA1-4D5E-A00F-2A3F78D088F7}.Debug|x64.ActiveCfg = Debug|Any CPU
		{88AC072E-1CA1-4D5E-A00F-2A3F78D088F7}.Debug|x64.Build.0 = Debug|Any CPU
		{88AC072E-1CA1-4D5E-A00F-2A3F78D088F7}.Debug|x86.ActiveCfg = Debug|Any CPU
		{88AC072E-1CA1-4D5E-A00F-2A3F78D088F7}.Debug|x86.Build.0 = Debug|Any CPU
		{88AC072E-1CA1-4D5E-A00F-2A3F78D088F7}.Release|Any CPU.ActiveCfg = Release|Any CPU
		{88AC072E-1CA1-4D5E-A00F-2A3F78D088F7}.Release|Any CPU.Build.0 = Release|Any CPU
		{88AC072E-1CA1-4D5E-A00F-2A3F78D088F7}.Release|x64.ActiveCfg = Release|Any CPU
		{88AC072E-1CA1-4D5E-A00F-2A3F78D088F7}.Release|x64.Build.0 = Release|Any CPU
		{88AC072E-1CA1-4D5E-A00F-2A3F78D088F7}.Release|x86.ActiveCfg = Release|Any CPU
		{88AC072E-1CA1-4D5E-A00F-2A3F78D088F7}.Release|x86.Build.0 = Release|Any CPU
		{8B29C748-6A81-4B81-AE22-9A6C34E679DA}.Debug|Any CPU.ActiveCfg = Debug|Any CPU
		{8B29C748-6A81-4B81-AE22-9A6C34E679DA}.Debug|Any CPU.Build.0 = Debug|Any CPU
		{8B29C748-6A81-4B81-AE22-9A6C34E679DA}.Debug|x64.ActiveCfg = Debug|Any CPU
		{8B29C748-6A81-4B81-AE22-9A6C34E679DA}.Debug|x64.Build.0 = Debug|Any CPU
		{8B29C748-6A81-4B81-AE22-9A6C34E679DA}.Debug|x86.ActiveCfg = Debug|Any CPU
		{8B29C748-6A81-4B81-AE22-9A6C34E679DA}.Debug|x86.Build.0 = Debug|Any CPU
		{8B29C748-6A81-4B81-AE22-9A6C34E679DA}.Release|Any CPU.ActiveCfg = Release|Any CPU
		{8B29C748-6A81-4B81-AE22-9A6C34E679DA}.Release|Any CPU.Build.0 = Release|Any CPU
		{8B29C748-6A81-4B81-AE22-9A6C34E679DA}.Release|x64.ActiveCfg = Release|Any CPU
		{8B29C748-6A81-4B81-AE22-9A6C34E679DA}.Release|x64.Build.0 = Release|Any CPU
		{8B29C748-6A81-4B81-AE22-9A6C34E679DA}.Release|x86.ActiveCfg = Release|Any CPU
		{8B29C748-6A81-4B81-AE22-9A6C34E679DA}.Release|x86.Build.0 = Release|Any CPU
		{EA0538F0-DAB7-4FE5-ABE4-07DE6C0E5552}.Debug|Any CPU.ActiveCfg = Debug|Any CPU
		{EA0538F0-DAB7-4FE5-ABE4-07DE6C0E5552}.Debug|Any CPU.Build.0 = Debug|Any CPU
		{EA0538F0-DAB7-4FE5-ABE4-07DE6C0E5552}.Debug|x64.ActiveCfg = Debug|Any CPU
		{EA0538F0-DAB7-4FE5-ABE4-07DE6C0E5552}.Debug|x64.Build.0 = Debug|Any CPU
		{EA0538F0-DAB7-4FE5-ABE4-07DE6C0E5552}.Debug|x86.ActiveCfg = Debug|Any CPU
		{EA0538F0-DAB7-4FE5-ABE4-07DE6C0E5552}.Debug|x86.Build.0 = Debug|Any CPU
		{EA0538F0-DAB7-4FE5-ABE4-07DE6C0E5552}.Release|Any CPU.ActiveCfg = Release|Any CPU
		{EA0538F0-DAB7-4FE5-ABE4-07DE6C0E5552}.Release|Any CPU.Build.0 = Release|Any CPU
		{EA0538F0-DAB7-4FE5-ABE4-07DE6C0E5552}.Release|x64.ActiveCfg = Release|Any CPU
		{EA0538F0-DAB7-4FE5-ABE4-07DE6C0E5552}.Release|x64.Build.0 = Release|Any CPU
		{EA0538F0-DAB7-4FE5-ABE4-07DE6C0E5552}.Release|x86.ActiveCfg = Release|Any CPU
		{EA0538F0-DAB7-4FE5-ABE4-07DE6C0E5552}.Release|x86.Build.0 = Release|Any CPU
		{6D136656-9A00-4E41-A9DC-617E2FAD5199}.Debug|Any CPU.ActiveCfg = Debug|Any CPU
		{6D136656-9A00-4E41-A9DC-617E2FAD5199}.Debug|Any CPU.Build.0 = Debug|Any CPU
		{6D136656-9A00-4E41-A9DC-617E2FAD5199}.Debug|x64.ActiveCfg = Debug|Any CPU
		{6D136656-9A00-4E41-A9DC-617E2FAD5199}.Debug|x64.Build.0 = Debug|Any CPU
		{6D136656-9A00-4E41-A9DC-617E2FAD5199}.Debug|x86.ActiveCfg = Debug|Any CPU
		{6D136656-9A00-4E41-A9DC-617E2FAD5199}.Debug|x86.Build.0 = Debug|Any CPU
		{6D136656-9A00-4E41-A9DC-617E2FAD5199}.Release|Any CPU.ActiveCfg = Release|Any CPU
		{6D136656-9A00-4E41-A9DC-617E2FAD5199}.Release|Any CPU.Build.0 = Release|Any CPU
		{6D136656-9A00-4E41-A9DC-617E2FAD5199}.Release|x64.ActiveCfg = Release|Any CPU
		{6D136656-9A00-4E41-A9DC-617E2FAD5199}.Release|x64.Build.0 = Release|Any CPU
		{6D136656-9A00-4E41-A9DC-617E2FAD5199}.Release|x86.ActiveCfg = Release|Any CPU
		{6D136656-9A00-4E41-A9DC-617E2FAD5199}.Release|x86.Build.0 = Release|Any CPU
		{0BF76750-786B-4388-833A-4AB9E48581F5}.Debug|Any CPU.ActiveCfg = Debug|Any CPU
		{0BF76750-786B-4388-833A-4AB9E48581F5}.Debug|Any CPU.Build.0 = Debug|Any CPU
		{0BF76750-786B-4388-833A-4AB9E48581F5}.Debug|x64.ActiveCfg = Debug|Any CPU
		{0BF76750-786B-4388-833A-4AB9E48581F5}.Debug|x64.Build.0 = Debug|Any CPU
		{0BF76750-786B-4388-833A-4AB9E48581F5}.Debug|x86.ActiveCfg = Debug|Any CPU
		{0BF76750-786B-4388-833A-4AB9E48581F5}.Debug|x86.Build.0 = Debug|Any CPU
		{0BF76750-786B-4388-833A-4AB9E48581F5}.Release|Any CPU.ActiveCfg = Release|Any CPU
		{0BF76750-786B-4388-833A-4AB9E48581F5}.Release|Any CPU.Build.0 = Release|Any CPU
		{0BF76750-786B-4388-833A-4AB9E48581F5}.Release|x64.ActiveCfg = Release|Any CPU
		{0BF76750-786B-4388-833A-4AB9E48581F5}.Release|x64.Build.0 = Release|Any CPU
		{0BF76750-786B-4388-833A-4AB9E48581F5}.Release|x86.ActiveCfg = Release|Any CPU
		{0BF76750-786B-4388-833A-4AB9E48581F5}.Release|x86.Build.0 = Release|Any CPU
		{6D7CE0A0-0527-47B3-8C91-B09BBF98BEFA}.Debug|Any CPU.ActiveCfg = Debug|Any CPU
		{6D7CE0A0-0527-47B3-8C91-B09BBF98BEFA}.Debug|Any CPU.Build.0 = Debug|Any CPU
		{6D7CE0A0-0527-47B3-8C91-B09BBF98BEFA}.Debug|x64.ActiveCfg = Debug|Any CPU
		{6D7CE0A0-0527-47B3-8C91-B09BBF98BEFA}.Debug|x64.Build.0 = Debug|Any CPU
		{6D7CE0A0-0527-47B3-8C91-B09BBF98BEFA}.Debug|x86.ActiveCfg = Debug|Any CPU
		{6D7CE0A0-0527-47B3-8C91-B09BBF98BEFA}.Debug|x86.Build.0 = Debug|Any CPU
		{6D7CE0A0-0527-47B3-8C91-B09BBF98BEFA}.Release|Any CPU.ActiveCfg = Release|Any CPU
		{6D7CE0A0-0527-47B3-8C91-B09BBF98BEFA}.Release|Any CPU.Build.0 = Release|Any CPU
		{6D7CE0A0-0527-47B3-8C91-B09BBF98BEFA}.Release|x64.ActiveCfg = Release|Any CPU
		{6D7CE0A0-0527-47B3-8C91-B09BBF98BEFA}.Release|x64.Build.0 = Release|Any CPU
		{6D7CE0A0-0527-47B3-8C91-B09BBF98BEFA}.Release|x86.ActiveCfg = Release|Any CPU
		{6D7CE0A0-0527-47B3-8C91-B09BBF98BEFA}.Release|x86.Build.0 = Release|Any CPU
		{9F344315-0356-48A5-AAEA-35794E2249BA}.Debug|Any CPU.ActiveCfg = Debug|Any CPU
		{9F344315-0356-48A5-AAEA-35794E2249BA}.Debug|Any CPU.Build.0 = Debug|Any CPU
		{9F344315-0356-48A5-AAEA-35794E2249BA}.Debug|x64.ActiveCfg = Debug|Any CPU
		{9F344315-0356-48A5-AAEA-35794E2249BA}.Debug|x64.Build.0 = Debug|Any CPU
		{9F344315-0356-48A5-AAEA-35794E2249BA}.Debug|x86.ActiveCfg = Debug|Any CPU
		{9F344315-0356-48A5-AAEA-35794E2249BA}.Debug|x86.Build.0 = Debug|Any CPU
		{9F344315-0356-48A5-AAEA-35794E2249BA}.Release|Any CPU.ActiveCfg = Release|Any CPU
		{9F344315-0356-48A5-AAEA-35794E2249BA}.Release|Any CPU.Build.0 = Release|Any CPU
		{9F344315-0356-48A5-AAEA-35794E2249BA}.Release|x64.ActiveCfg = Release|Any CPU
		{9F344315-0356-48A5-AAEA-35794E2249BA}.Release|x64.Build.0 = Release|Any CPU
		{9F344315-0356-48A5-AAEA-35794E2249BA}.Release|x86.ActiveCfg = Release|Any CPU
		{9F344315-0356-48A5-AAEA-35794E2249BA}.Release|x86.Build.0 = Release|Any CPU
		{3717E098-7DBE-46F6-9BBA-FB30419485AB}.Debug|Any CPU.ActiveCfg = Debug|Any CPU
		{3717E098-7DBE-46F6-9BBA-FB30419485AB}.Debug|Any CPU.Build.0 = Debug|Any CPU
		{3717E098-7DBE-46F6-9BBA-FB30419485AB}.Debug|x64.ActiveCfg = Debug|Any CPU
		{3717E098-7DBE-46F6-9BBA-FB30419485AB}.Debug|x64.Build.0 = Debug|Any CPU
		{3717E098-7DBE-46F6-9BBA-FB30419485AB}.Debug|x86.ActiveCfg = Debug|Any CPU
		{3717E098-7DBE-46F6-9BBA-FB30419485AB}.Debug|x86.Build.0 = Debug|Any CPU
		{3717E098-7DBE-46F6-9BBA-FB30419485AB}.Release|Any CPU.ActiveCfg = Release|Any CPU
		{3717E098-7DBE-46F6-9BBA-FB30419485AB}.Release|Any CPU.Build.0 = Release|Any CPU
		{3717E098-7DBE-46F6-9BBA-FB30419485AB}.Release|x64.ActiveCfg = Release|Any CPU
		{3717E098-7DBE-46F6-9BBA-FB30419485AB}.Release|x64.Build.0 = Release|Any CPU
		{3717E098-7DBE-46F6-9BBA-FB30419485AB}.Release|x86.ActiveCfg = Release|Any CPU
		{3717E098-7DBE-46F6-9BBA-FB30419485AB}.Release|x86.Build.0 = Release|Any CPU
		{0D15DEB0-54FB-4BD5-8938-AF2736A8F53C}.Debug|Any CPU.ActiveCfg = Debug|Any CPU
		{0D15DEB0-54FB-4BD5-8938-AF2736A8F53C}.Debug|Any CPU.Build.0 = Debug|Any CPU
		{0D15DEB0-54FB-4BD5-8938-AF2736A8F53C}.Debug|x64.ActiveCfg = Debug|Any CPU
		{0D15DEB0-54FB-4BD5-8938-AF2736A8F53C}.Debug|x64.Build.0 = Debug|Any CPU
		{0D15DEB0-54FB-4BD5-8938-AF2736A8F53C}.Debug|x86.ActiveCfg = Debug|Any CPU
		{0D15DEB0-54FB-4BD5-8938-AF2736A8F53C}.Debug|x86.Build.0 = Debug|Any CPU
		{0D15DEB0-54FB-4BD5-8938-AF2736A8F53C}.Release|Any CPU.ActiveCfg = Release|Any CPU
		{0D15DEB0-54FB-4BD5-8938-AF2736A8F53C}.Release|Any CPU.Build.0 = Release|Any CPU
		{0D15DEB0-54FB-4BD5-8938-AF2736A8F53C}.Release|x64.ActiveCfg = Release|Any CPU
		{0D15DEB0-54FB-4BD5-8938-AF2736A8F53C}.Release|x64.Build.0 = Release|Any CPU
		{0D15DEB0-54FB-4BD5-8938-AF2736A8F53C}.Release|x86.ActiveCfg = Release|Any CPU
		{0D15DEB0-54FB-4BD5-8938-AF2736A8F53C}.Release|x86.Build.0 = Release|Any CPU
		{B2E24088-7631-44DF-9C91-B030D4CB9046}.Debug|Any CPU.ActiveCfg = Debug|Any CPU
		{B2E24088-7631-44DF-9C91-B030D4CB9046}.Debug|Any CPU.Build.0 = Debug|Any CPU
		{B2E24088-7631-44DF-9C91-B030D4CB9046}.Debug|x64.ActiveCfg = Debug|Any CPU
		{B2E24088-7631-44DF-9C91-B030D4CB9046}.Debug|x64.Build.0 = Debug|Any CPU
		{B2E24088-7631-44DF-9C91-B030D4CB9046}.Debug|x86.ActiveCfg = Debug|Any CPU
		{B2E24088-7631-44DF-9C91-B030D4CB9046}.Debug|x86.Build.0 = Debug|Any CPU
		{B2E24088-7631-44DF-9C91-B030D4CB9046}.Release|Any CPU.ActiveCfg = Release|Any CPU
		{B2E24088-7631-44DF-9C91-B030D4CB9046}.Release|Any CPU.Build.0 = Release|Any CPU
		{B2E24088-7631-44DF-9C91-B030D4CB9046}.Release|x64.ActiveCfg = Release|Any CPU
		{B2E24088-7631-44DF-9C91-B030D4CB9046}.Release|x64.Build.0 = Release|Any CPU
		{B2E24088-7631-44DF-9C91-B030D4CB9046}.Release|x86.ActiveCfg = Release|Any CPU
		{B2E24088-7631-44DF-9C91-B030D4CB9046}.Release|x86.Build.0 = Release|Any CPU
		{C3F8C1CD-9E65-41A8-90E3-3D4FF739A37F}.Debug|Any CPU.ActiveCfg = Debug|Any CPU
		{C3F8C1CD-9E65-41A8-90E3-3D4FF739A37F}.Debug|Any CPU.Build.0 = Debug|Any CPU
		{C3F8C1CD-9E65-41A8-90E3-3D4FF739A37F}.Debug|x64.ActiveCfg = Debug|Any CPU
		{C3F8C1CD-9E65-41A8-90E3-3D4FF739A37F}.Debug|x64.Build.0 = Debug|Any CPU
		{C3F8C1CD-9E65-41A8-90E3-3D4FF739A37F}.Debug|x86.ActiveCfg = Debug|Any CPU
		{C3F8C1CD-9E65-41A8-90E3-3D4FF739A37F}.Debug|x86.Build.0 = Debug|Any CPU
		{C3F8C1CD-9E65-41A8-90E3-3D4FF739A37F}.Release|Any CPU.ActiveCfg = Release|Any CPU
		{C3F8C1CD-9E65-41A8-90E3-3D4FF739A37F}.Release|Any CPU.Build.0 = Release|Any CPU
		{C3F8C1CD-9E65-41A8-90E3-3D4FF739A37F}.Release|x64.ActiveCfg = Release|Any CPU
		{C3F8C1CD-9E65-41A8-90E3-3D4FF739A37F}.Release|x64.Build.0 = Release|Any CPU
		{C3F8C1CD-9E65-41A8-90E3-3D4FF739A37F}.Release|x86.ActiveCfg = Release|Any CPU
		{C3F8C1CD-9E65-41A8-90E3-3D4FF739A37F}.Release|x86.Build.0 = Release|Any CPU
		{55114624-9B6E-4C62-89F9-C5298C667456}.Debug|Any CPU.ActiveCfg = Debug|Any CPU
		{55114624-9B6E-4C62-89F9-C5298C667456}.Debug|Any CPU.Build.0 = Debug|Any CPU
		{55114624-9B6E-4C62-89F9-C5298C667456}.Debug|x64.ActiveCfg = Debug|Any CPU
		{55114624-9B6E-4C62-89F9-C5298C667456}.Debug|x64.Build.0 = Debug|Any CPU
		{55114624-9B6E-4C62-89F9-C5298C667456}.Debug|x86.ActiveCfg = Debug|Any CPU
		{55114624-9B6E-4C62-89F9-C5298C667456}.Debug|x86.Build.0 = Debug|Any CPU
		{55114624-9B6E-4C62-89F9-C5298C667456}.Release|Any CPU.ActiveCfg = Release|Any CPU
		{55114624-9B6E-4C62-89F9-C5298C667456}.Release|Any CPU.Build.0 = Release|Any CPU
		{55114624-9B6E-4C62-89F9-C5298C667456}.Release|x64.ActiveCfg = Release|Any CPU
		{55114624-9B6E-4C62-89F9-C5298C667456}.Release|x64.Build.0 = Release|Any CPU
		{55114624-9B6E-4C62-89F9-C5298C667456}.Release|x86.ActiveCfg = Release|Any CPU
		{55114624-9B6E-4C62-89F9-C5298C667456}.Release|x86.Build.0 = Release|Any CPU
		{7AA5C9A4-FC52-4131-81A0-9F484A25542C}.Debug|Any CPU.ActiveCfg = Debug|Any CPU
		{7AA5C9A4-FC52-4131-81A0-9F484A25542C}.Debug|Any CPU.Build.0 = Debug|Any CPU
		{7AA5C9A4-FC52-4131-81A0-9F484A25542C}.Debug|x64.ActiveCfg = Debug|Any CPU
		{7AA5C9A4-FC52-4131-81A0-9F484A25542C}.Debug|x64.Build.0 = Debug|Any CPU
		{7AA5C9A4-FC52-4131-81A0-9F484A25542C}.Debug|x86.ActiveCfg = Debug|Any CPU
		{7AA5C9A4-FC52-4131-81A0-9F484A25542C}.Debug|x86.Build.0 = Debug|Any CPU
		{7AA5C9A4-FC52-4131-81A0-9F484A25542C}.Release|Any CPU.ActiveCfg = Release|Any CPU
		{7AA5C9A4-FC52-4131-81A0-9F484A25542C}.Release|Any CPU.Build.0 = Release|Any CPU
		{7AA5C9A4-FC52-4131-81A0-9F484A25542C}.Release|x64.ActiveCfg = Release|Any CPU
		{7AA5C9A4-FC52-4131-81A0-9F484A25542C}.Release|x64.Build.0 = Release|Any CPU
		{7AA5C9A4-FC52-4131-81A0-9F484A25542C}.Release|x86.ActiveCfg = Release|Any CPU
		{7AA5C9A4-FC52-4131-81A0-9F484A25542C}.Release|x86.Build.0 = Release|Any CPU
		{01141069-E2DE-4D8E-A477-F818E1BCEE2C}.Debug|Any CPU.ActiveCfg = Debug|Any CPU
		{01141069-E2DE-4D8E-A477-F818E1BCEE2C}.Debug|Any CPU.Build.0 = Debug|Any CPU
		{01141069-E2DE-4D8E-A477-F818E1BCEE2C}.Debug|x64.ActiveCfg = Debug|Any CPU
		{01141069-E2DE-4D8E-A477-F818E1BCEE2C}.Debug|x64.Build.0 = Debug|Any CPU
		{01141069-E2DE-4D8E-A477-F818E1BCEE2C}.Debug|x86.ActiveCfg = Debug|Any CPU
		{01141069-E2DE-4D8E-A477-F818E1BCEE2C}.Debug|x86.Build.0 = Debug|Any CPU
		{01141069-E2DE-4D8E-A477-F818E1BCEE2C}.Release|Any CPU.ActiveCfg = Release|Any CPU
		{01141069-E2DE-4D8E-A477-F818E1BCEE2C}.Release|Any CPU.Build.0 = Release|Any CPU
		{01141069-E2DE-4D8E-A477-F818E1BCEE2C}.Release|x64.ActiveCfg = Release|Any CPU
		{01141069-E2DE-4D8E-A477-F818E1BCEE2C}.Release|x64.Build.0 = Release|Any CPU
		{01141069-E2DE-4D8E-A477-F818E1BCEE2C}.Release|x86.ActiveCfg = Release|Any CPU
		{01141069-E2DE-4D8E-A477-F818E1BCEE2C}.Release|x86.Build.0 = Release|Any CPU
		{A27AC519-94BC-46EE-87FC-4A4CFB362A10}.Debug|Any CPU.ActiveCfg = Debug|Any CPU
		{A27AC519-94BC-46EE-87FC-4A4CFB362A10}.Debug|Any CPU.Build.0 = Debug|Any CPU
		{A27AC519-94BC-46EE-87FC-4A4CFB362A10}.Debug|x64.ActiveCfg = Debug|Any CPU
		{A27AC519-94BC-46EE-87FC-4A4CFB362A10}.Debug|x64.Build.0 = Debug|Any CPU
		{A27AC519-94BC-46EE-87FC-4A4CFB362A10}.Debug|x86.ActiveCfg = Debug|Any CPU
		{A27AC519-94BC-46EE-87FC-4A4CFB362A10}.Debug|x86.Build.0 = Debug|Any CPU
		{A27AC519-94BC-46EE-87FC-4A4CFB362A10}.Release|Any CPU.ActiveCfg = Release|Any CPU
		{A27AC519-94BC-46EE-87FC-4A4CFB362A10}.Release|Any CPU.Build.0 = Release|Any CPU
		{A27AC519-94BC-46EE-87FC-4A4CFB362A10}.Release|x64.ActiveCfg = Release|Any CPU
		{A27AC519-94BC-46EE-87FC-4A4CFB362A10}.Release|x64.Build.0 = Release|Any CPU
		{A27AC519-94BC-46EE-87FC-4A4CFB362A10}.Release|x86.ActiveCfg = Release|Any CPU
		{A27AC519-94BC-46EE-87FC-4A4CFB362A10}.Release|x86.Build.0 = Release|Any CPU
		{43A7CB74-5F63-4CDF-AADF-41539BEC92AF}.Debug|Any CPU.ActiveCfg = Debug|Any CPU
		{43A7CB74-5F63-4CDF-AADF-41539BEC92AF}.Debug|Any CPU.Build.0 = Debug|Any CPU
		{43A7CB74-5F63-4CDF-AADF-41539BEC92AF}.Debug|x64.ActiveCfg = Debug|Any CPU
		{43A7CB74-5F63-4CDF-AADF-41539BEC92AF}.Debug|x64.Build.0 = Debug|Any CPU
		{43A7CB74-5F63-4CDF-AADF-41539BEC92AF}.Debug|x86.ActiveCfg = Debug|Any CPU
		{43A7CB74-5F63-4CDF-AADF-41539BEC92AF}.Debug|x86.Build.0 = Debug|Any CPU
		{43A7CB74-5F63-4CDF-AADF-41539BEC92AF}.Release|Any CPU.ActiveCfg = Release|Any CPU
		{43A7CB74-5F63-4CDF-AADF-41539BEC92AF}.Release|Any CPU.Build.0 = Release|Any CPU
		{43A7CB74-5F63-4CDF-AADF-41539BEC92AF}.Release|x64.ActiveCfg = Release|Any CPU
		{43A7CB74-5F63-4CDF-AADF-41539BEC92AF}.Release|x64.Build.0 = Release|Any CPU
		{43A7CB74-5F63-4CDF-AADF-41539BEC92AF}.Release|x86.ActiveCfg = Release|Any CPU
		{43A7CB74-5F63-4CDF-AADF-41539BEC92AF}.Release|x86.Build.0 = Release|Any CPU
		{3AB47298-3718-4F2B-87A6-6D0BB92F73F0}.Debug|Any CPU.ActiveCfg = Debug|Any CPU
		{3AB47298-3718-4F2B-87A6-6D0BB92F73F0}.Debug|Any CPU.Build.0 = Debug|Any CPU
		{3AB47298-3718-4F2B-87A6-6D0BB92F73F0}.Debug|x64.ActiveCfg = Debug|Any CPU
		{3AB47298-3718-4F2B-87A6-6D0BB92F73F0}.Debug|x64.Build.0 = Debug|Any CPU
		{3AB47298-3718-4F2B-87A6-6D0BB92F73F0}.Debug|x86.ActiveCfg = Debug|Any CPU
		{3AB47298-3718-4F2B-87A6-6D0BB92F73F0}.Debug|x86.Build.0 = Debug|Any CPU
		{3AB47298-3718-4F2B-87A6-6D0BB92F73F0}.Release|Any CPU.ActiveCfg = Release|Any CPU
		{3AB47298-3718-4F2B-87A6-6D0BB92F73F0}.Release|Any CPU.Build.0 = Release|Any CPU
		{3AB47298-3718-4F2B-87A6-6D0BB92F73F0}.Release|x64.ActiveCfg = Release|Any CPU
		{3AB47298-3718-4F2B-87A6-6D0BB92F73F0}.Release|x64.Build.0 = Release|Any CPU
		{3AB47298-3718-4F2B-87A6-6D0BB92F73F0}.Release|x86.ActiveCfg = Release|Any CPU
		{3AB47298-3718-4F2B-87A6-6D0BB92F73F0}.Release|x86.Build.0 = Release|Any CPU
		{CADC2D77-028F-474E-8C0B-E058FCC073A1}.Debug|Any CPU.ActiveCfg = Debug|Any CPU
		{CADC2D77-028F-474E-8C0B-E058FCC073A1}.Debug|Any CPU.Build.0 = Debug|Any CPU
		{CADC2D77-028F-474E-8C0B-E058FCC073A1}.Debug|x64.ActiveCfg = Debug|Any CPU
		{CADC2D77-028F-474E-8C0B-E058FCC073A1}.Debug|x64.Build.0 = Debug|Any CPU
		{CADC2D77-028F-474E-8C0B-E058FCC073A1}.Debug|x86.ActiveCfg = Debug|Any CPU
		{CADC2D77-028F-474E-8C0B-E058FCC073A1}.Debug|x86.Build.0 = Debug|Any CPU
		{CADC2D77-028F-474E-8C0B-E058FCC073A1}.Release|Any CPU.ActiveCfg = Release|Any CPU
		{CADC2D77-028F-474E-8C0B-E058FCC073A1}.Release|Any CPU.Build.0 = Release|Any CPU
		{CADC2D77-028F-474E-8C0B-E058FCC073A1}.Release|x64.ActiveCfg = Release|Any CPU
		{CADC2D77-028F-474E-8C0B-E058FCC073A1}.Release|x64.Build.0 = Release|Any CPU
		{CADC2D77-028F-474E-8C0B-E058FCC073A1}.Release|x86.ActiveCfg = Release|Any CPU
		{CADC2D77-028F-474E-8C0B-E058FCC073A1}.Release|x86.Build.0 = Release|Any CPU
	EndGlobalSection
	GlobalSection(SolutionProperties) = preSolution
		HideSolutionNode = FALSE
	EndGlobalSection
	GlobalSection(NestedProjects) = preSolution
		{ADF420E4-23C3-4FC1-A1F0-1AB1D8C6C4BD} = {950216CE-0D62-4BDC-8C78-0B921758BC23}
		{59A3AC60-8941-4A87-A930-08A7962026BF} = {950216CE-0D62-4BDC-8C78-0B921758BC23}
		{6A7F65C2-95F6-44E9-97B9-35E40486DC19} = {83C5DB2B-7840-41A1-8CD6-D88F709F4196}
		{AC1D5279-7E30-4D7C-A439-9505E3932267} = {83C5DB2B-7840-41A1-8CD6-D88F709F4196}
		{B6E32E2D-40A2-42E2-963B-60A1AA599E0B} = {0F505193-C214-4296-B078-1A9E0837BE9B}
		{E61D36CB-B395-4185-94C8-F41A7A8C0306} = {0F505193-C214-4296-B078-1A9E0837BE9B}
		{6C83F7BD-D58B-4EB2-9532-BA147079813B} = {0F505193-C214-4296-B078-1A9E0837BE9B}
		{FB0FB52E-0C4F-4701-AF46-360E6E90E88C} = {0F505193-C214-4296-B078-1A9E0837BE9B}
		{645F0DEC-D39F-40E4-BAC4-436FAE1EFC2D} = {0F505193-C214-4296-B078-1A9E0837BE9B}
		{CEFCB5C2-3C8E-4802-82C6-44A604D0FA84} = {0F505193-C214-4296-B078-1A9E0837BE9B}
		{660D404C-6AA0-419C-8B14-BBDBAF42063B} = {0F505193-C214-4296-B078-1A9E0837BE9B}
		{7E454F4C-81ED-403A-82A2-E94B02464E01} = {0F505193-C214-4296-B078-1A9E0837BE9B}
		{3E07A6D4-28E2-4A6E-ADE0-F2E7E4BDC577} = {0F505193-C214-4296-B078-1A9E0837BE9B}
		{0001B937-28DE-4E6F-95FA-DC954DF5AA6F} = {0F505193-C214-4296-B078-1A9E0837BE9B}
		{09FCE449-3A3D-460F-BF71-5DBC479C847C} = {0F505193-C214-4296-B078-1A9E0837BE9B}
		{FD18E2F5-372D-4A48-806B-300D8C45DCEC} = {0F505193-C214-4296-B078-1A9E0837BE9B}
		{FA8887FB-CE3B-41C2-8807-2F0D02B61EBD} = {A1F9689E-D1B0-4361-8416-CAF6C85553EA}
		{97F9E276-672D-4D8D-B1C7-3412B598DD8A} = {A1F9689E-D1B0-4361-8416-CAF6C85553EA}
		{2BFB0CD4-4CED-4F6C-8332-F1ED0E9138F1} = {0F505193-C214-4296-B078-1A9E0837BE9B}
		{D70E5449-0C7D-432C-893F-0F32754F9B85} = {0F505193-C214-4296-B078-1A9E0837BE9B}
		{EF32EDD8-A8EB-4B4B-AE4E-B7A76306325F} = {83C5DB2B-7840-41A1-8CD6-D88F709F4196}
		{4696BEC8-43C6-433A-91D9-9FBE8338BEB8} = {0F505193-C214-4296-B078-1A9E0837BE9B}
		{944E7CB3-A8F4-4A62-91FC-FEE1EE0F5B46} = {0F505193-C214-4296-B078-1A9E0837BE9B}
		{23208E3A-D0E9-4817-8D3A-A668E590D844} = {83C5DB2B-7840-41A1-8CD6-D88F709F4196}
		{88AC072E-1CA1-4D5E-A00F-2A3F78D088F7} = {83C5DB2B-7840-41A1-8CD6-D88F709F4196}
		{8B29C748-6A81-4B81-AE22-9A6C34E679DA} = {83C5DB2B-7840-41A1-8CD6-D88F709F4196}
		{EA0538F0-DAB7-4FE5-ABE4-07DE6C0E5552} = {950216CE-0D62-4BDC-8C78-0B921758BC23}
		{6D136656-9A00-4E41-A9DC-617E2FAD5199} = {A1F9689E-D1B0-4361-8416-CAF6C85553EA}
		{0BF76750-786B-4388-833A-4AB9E48581F5} = {0F505193-C214-4296-B078-1A9E0837BE9B}
		{6D7CE0A0-0527-47B3-8C91-B09BBF98BEFA} = {0F505193-C214-4296-B078-1A9E0837BE9B}
		{9F344315-0356-48A5-AAEA-35794E2249BA} = {950216CE-0D62-4BDC-8C78-0B921758BC23}
		{3717E098-7DBE-46F6-9BBA-FB30419485AB} = {83C5DB2B-7840-41A1-8CD6-D88F709F4196}
		{0D15DEB0-54FB-4BD5-8938-AF2736A8F53C} = {0F505193-C214-4296-B078-1A9E0837BE9B}
		{B2E24088-7631-44DF-9C91-B030D4CB9046} = {0F505193-C214-4296-B078-1A9E0837BE9B}
		{C3F8C1CD-9E65-41A8-90E3-3D4FF739A37F} = {0F505193-C214-4296-B078-1A9E0837BE9B}
		{55114624-9B6E-4C62-89F9-C5298C667456} = {83C5DB2B-7840-41A1-8CD6-D88F709F4196}
		{7AA5C9A4-FC52-4131-81A0-9F484A25542C} = {0F505193-C214-4296-B078-1A9E0837BE9B}
		{01141069-E2DE-4D8E-A477-F818E1BCEE2C} = {0F505193-C214-4296-B078-1A9E0837BE9B}
		{A27AC519-94BC-46EE-87FC-4A4CFB362A10} = {0F505193-C214-4296-B078-1A9E0837BE9B}
		{43A7CB74-5F63-4CDF-AADF-41539BEC92AF} = {950216CE-0D62-4BDC-8C78-0B921758BC23}
		{3AB47298-3718-4F2B-87A6-6D0BB92F73F0} = {0F505193-C214-4296-B078-1A9E0837BE9B}
		{CADC2D77-028F-474E-8C0B-E058FCC073A1} = {0F505193-C214-4296-B078-1A9E0837BE9B}
	EndGlobalSection
	GlobalSection(ExtensibilityGlobals) = postSolution
		SolutionGuid = {8C82D231-67E1-4D0E-80BF-5CF4FB19EE44}
	EndGlobalSection
EndGlobal
